// !$*UTF8*$!
{
	archiveVersion = 1;
	classes = {
	};
	objectVersion = 46;
	objects = {

/* Begin PBXBuildFile section */
		869916DA1DA8F5F10093750F /* Task+CoreDataClass.m in Sources */ = {isa = PBXBuildFile; fileRef = 86EFAA2F1DA788D5004DD3C3 /* Task+CoreDataClass.m */; };
		869916DB1DA8F5F20093750F /* Task+CoreDataClass.m in Sources */ = {isa = PBXBuildFile; fileRef = 86EFAA2F1DA788D5004DD3C3 /* Task+CoreDataClass.m */; };
		869916DC1DA8F5F40093750F /* Task+CoreDataProperties.m in Sources */ = {isa = PBXBuildFile; fileRef = 86EFAA311DA788D5004DD3C3 /* Task+CoreDataProperties.m */; };
		869916DD1DA8F5F50093750F /* Task+CoreDataProperties.m in Sources */ = {isa = PBXBuildFile; fileRef = 86EFAA311DA788D5004DD3C3 /* Task+CoreDataProperties.m */; };
		869916DE1DA8F64D0093750F /* CoreDataHandler.m in Sources */ = {isa = PBXBuildFile; fileRef = 86EFAA191DA74C78004DD3C3 /* CoreDataHandler.m */; };
		869916DF1DA8F64D0093750F /* MapViewController.m in Sources */ = {isa = PBXBuildFile; fileRef = 869C5FB71DA72C1200C0F293 /* MapViewController.m */; };
		869916E01DA8F64D0093750F /* NewTaskViewController.m in Sources */ = {isa = PBXBuildFile; fileRef = 869C5F961DA6DFF800C0F293 /* NewTaskViewController.m */; };
		869916E11DA8F64D0093750F /* NewTaskTableViewCell.m in Sources */ = {isa = PBXBuildFile; fileRef = 869C5F991DA6E08800C0F293 /* NewTaskTableViewCell.m */; };
		869916E21DA8F64D0093750F /* ColorList.plist in Resources */ = {isa = PBXBuildFile; fileRef = 869C5F9B1DA6E45F00C0F293 /* ColorList.plist */; };
		869916E31DA8F64D0093750F /* TimelineViewController.m in Sources */ = {isa = PBXBuildFile; fileRef = 869C5F841DA6C91000C0F293 /* TimelineViewController.m */; };
		869916E41DA8F64D0093750F /* TimelineTableViewCell.m in Sources */ = {isa = PBXBuildFile; fileRef = 86EFAA2C1DA76A80004DD3C3 /* TimelineTableViewCell.m */; };
		869916E71DA8F64D0093750F /* SVIndefiniteAnimatedView.m in Sources */ = {isa = PBXBuildFile; fileRef = 869C5F9F1DA7096A00C0F293 /* SVIndefiniteAnimatedView.m */; };
		869916E81DA8F64D0093750F /* SVProgressAnimatedView.m in Sources */ = {isa = PBXBuildFile; fileRef = 869C5FA11DA7096A00C0F293 /* SVProgressAnimatedView.m */; };
		869916E91DA8F64D0093750F /* SVProgressHUD.m in Sources */ = {isa = PBXBuildFile; fileRef = 869C5FA41DA7096A00C0F293 /* SVProgressHUD.m */; };
		869916EA1DA8F64D0093750F /* SVRadialGradientLayer.m in Sources */ = {isa = PBXBuildFile; fileRef = 869C5FA61DA7096A00C0F293 /* SVRadialGradientLayer.m */; };
		869916EB1DA8F64D0093750F /* TealButton.m in Sources */ = {isa = PBXBuildFile; fileRef = 869C5F411DA6A06500C0F293 /* TealButton.m */; };
		869916EC1DA8F64D0093750F /* SignUpController.m in Sources */ = {isa = PBXBuildFile; fileRef = 869C5F3D1DA69CFE00C0F293 /* SignUpController.m */; };
		869916ED1DA8F64D0093750F /* AppDelegate.m in Sources */ = {isa = PBXBuildFile; fileRef = 869C5F031DA68CC400C0F293 /* AppDelegate.m */; };
		869916EE1DA8F64D0093750F /* ViewController.m in Sources */ = {isa = PBXBuildFile; fileRef = 869C5F061DA68CC400C0F293 /* ViewController.m */; };
		869916EF1DA8F64D0093750F /* LoginTableViewCell.m in Sources */ = {isa = PBXBuildFile; fileRef = 869C5F361DA68EAE00C0F293 /* LoginTableViewCell.m */; };
		869916F01DA8F64D0093750F /* CoreDataHandler.m in Sources */ = {isa = PBXBuildFile; fileRef = 86EFAA191DA74C78004DD3C3 /* CoreDataHandler.m */; };
		869916F11DA8F64D0093750F /* MapViewController.m in Sources */ = {isa = PBXBuildFile; fileRef = 869C5FB71DA72C1200C0F293 /* MapViewController.m */; };
		869916F21DA8F64D0093750F /* NewTaskViewController.m in Sources */ = {isa = PBXBuildFile; fileRef = 869C5F961DA6DFF800C0F293 /* NewTaskViewController.m */; };
		869916F31DA8F64D0093750F /* NewTaskTableViewCell.m in Sources */ = {isa = PBXBuildFile; fileRef = 869C5F991DA6E08800C0F293 /* NewTaskTableViewCell.m */; };
		869916F41DA8F64D0093750F /* ColorList.plist in Resources */ = {isa = PBXBuildFile; fileRef = 869C5F9B1DA6E45F00C0F293 /* ColorList.plist */; };
		869916F51DA8F64D0093750F /* TimelineViewController.m in Sources */ = {isa = PBXBuildFile; fileRef = 869C5F841DA6C91000C0F293 /* TimelineViewController.m */; };
		869916F61DA8F64D0093750F /* TimelineTableViewCell.m in Sources */ = {isa = PBXBuildFile; fileRef = 86EFAA2C1DA76A80004DD3C3 /* TimelineTableViewCell.m */; };
		869916F91DA8F64D0093750F /* SVIndefiniteAnimatedView.m in Sources */ = {isa = PBXBuildFile; fileRef = 869C5F9F1DA7096A00C0F293 /* SVIndefiniteAnimatedView.m */; };
		869916FA1DA8F64D0093750F /* SVProgressAnimatedView.m in Sources */ = {isa = PBXBuildFile; fileRef = 869C5FA11DA7096A00C0F293 /* SVProgressAnimatedView.m */; };
		869916FB1DA8F64D0093750F /* SVProgressHUD.m in Sources */ = {isa = PBXBuildFile; fileRef = 869C5FA41DA7096A00C0F293 /* SVProgressHUD.m */; };
		869916FC1DA8F64D0093750F /* SVRadialGradientLayer.m in Sources */ = {isa = PBXBuildFile; fileRef = 869C5FA61DA7096A00C0F293 /* SVRadialGradientLayer.m */; };
		869916FD1DA8F64D0093750F /* TealButton.m in Sources */ = {isa = PBXBuildFile; fileRef = 869C5F411DA6A06500C0F293 /* TealButton.m */; };
		869916FE1DA8F64D0093750F /* SignUpController.m in Sources */ = {isa = PBXBuildFile; fileRef = 869C5F3D1DA69CFE00C0F293 /* SignUpController.m */; };
		869916FF1DA8F64D0093750F /* AppDelegate.m in Sources */ = {isa = PBXBuildFile; fileRef = 869C5F031DA68CC400C0F293 /* AppDelegate.m */; };
		869917001DA8F64D0093750F /* ViewController.m in Sources */ = {isa = PBXBuildFile; fileRef = 869C5F061DA68CC400C0F293 /* ViewController.m */; };
		869917011DA8F64D0093750F /* LoginTableViewCell.m in Sources */ = {isa = PBXBuildFile; fileRef = 869C5F361DA68EAE00C0F293 /* LoginTableViewCell.m */; };
		869917021DA8F6540093750F /* Sydra.xcdatamodeld in Sources */ = {isa = PBXBuildFile; fileRef = 869C5F0B1DA68CC400C0F293 /* Sydra.xcdatamodeld */; };
		869917031DA8F6540093750F /* Sydra.xcdatamodeld in Sources */ = {isa = PBXBuildFile; fileRef = 869C5F0B1DA68CC400C0F293 /* Sydra.xcdatamodeld */; };
		869917041DA8F66D0093750F /* Main.storyboard in Resources */ = {isa = PBXBuildFile; fileRef = 869C5F081DA68CC400C0F293 /* Main.storyboard */; };
		869917051DA8F66D0093750F /* Main.storyboard in Resources */ = {isa = PBXBuildFile; fileRef = 869C5F081DA68CC400C0F293 /* Main.storyboard */; };
		869917061DA8F6700093750F /* Assets.xcassets in Resources */ = {isa = PBXBuildFile; fileRef = 869C5F0E1DA68CC400C0F293 /* Assets.xcassets */; };
		869917071DA8F6700093750F /* Assets.xcassets in Resources */ = {isa = PBXBuildFile; fileRef = 869C5F0E1DA68CC400C0F293 /* Assets.xcassets */; };
		869917081DA8F6730093750F /* LaunchScreen.storyboard in Resources */ = {isa = PBXBuildFile; fileRef = 869C5F101DA68CC400C0F293 /* LaunchScreen.storyboard */; };
		869917091DA8F6730093750F /* LaunchScreen.storyboard in Resources */ = {isa = PBXBuildFile; fileRef = 869C5F101DA68CC400C0F293 /* LaunchScreen.storyboard */; };
		8699170C1DA8F6810093750F /* main.m in Sources */ = {isa = PBXBuildFile; fileRef = 869C5F001DA68CC400C0F293 /* main.m */; };
		8699172C1DA8FB6F0093750F /* Material.framework in Frameworks */ = {isa = PBXBuildFile; fileRef = 869917231DA8FB570093750F /* Material.framework */; };
		8699172D1DA8FB6F0093750F /* Material.framework in Embed Frameworks */ = {isa = PBXBuildFile; fileRef = 869917231DA8FB570093750F /* Material.framework */; settings = {ATTRIBUTES = (CodeSignOnCopy, RemoveHeadersOnCopy, ); }; };
		869917411DA90F720093750F /* NSString+Validations.m in Sources */ = {isa = PBXBuildFile; fileRef = 869917401DA90F720093750F /* NSString+Validations.m */; };
		869917421DA90F720093750F /* NSString+Validations.m in Sources */ = {isa = PBXBuildFile; fileRef = 869917401DA90F720093750F /* NSString+Validations.m */; };
		869917431DA90F720093750F /* NSString+Validations.m in Sources */ = {isa = PBXBuildFile; fileRef = 869917401DA90F720093750F /* NSString+Validations.m */; };
		8699177C1DA9528A0093750F /* UITextField+Shake.m in Sources */ = {isa = PBXBuildFile; fileRef = 8699177B1DA9528A0093750F /* UITextField+Shake.m */; };
		8699177D1DA9528A0093750F /* UITextField+Shake.m in Sources */ = {isa = PBXBuildFile; fileRef = 8699177B1DA9528A0093750F /* UITextField+Shake.m */; };
		8699177E1DA9528A0093750F /* UITextField+Shake.m in Sources */ = {isa = PBXBuildFile; fileRef = 8699177B1DA9528A0093750F /* UITextField+Shake.m */; };
		869917831DAA239E0093750F /* MGSwipeButton.m in Sources */ = {isa = PBXBuildFile; fileRef = 869917801DAA239E0093750F /* MGSwipeButton.m */; };
		869917841DAA239E0093750F /* MGSwipeButton.m in Sources */ = {isa = PBXBuildFile; fileRef = 869917801DAA239E0093750F /* MGSwipeButton.m */; };
		869917851DAA239E0093750F /* MGSwipeButton.m in Sources */ = {isa = PBXBuildFile; fileRef = 869917801DAA239E0093750F /* MGSwipeButton.m */; };
		869917861DAA239E0093750F /* MGSwipeTableCell.m in Sources */ = {isa = PBXBuildFile; fileRef = 869917821DAA239E0093750F /* MGSwipeTableCell.m */; };
		869917871DAA239E0093750F /* MGSwipeTableCell.m in Sources */ = {isa = PBXBuildFile; fileRef = 869917821DAA239E0093750F /* MGSwipeTableCell.m */; };
		869917881DAA239E0093750F /* MGSwipeTableCell.m in Sources */ = {isa = PBXBuildFile; fileRef = 869917821DAA239E0093750F /* MGSwipeTableCell.m */; };
		8699178A1DAA29700093750F /* done_white.png in Resources */ = {isa = PBXBuildFile; fileRef = 869917891DAA29700093750F /* done_white.png */; };
		8699178B1DAA29700093750F /* done_white.png in Resources */ = {isa = PBXBuildFile; fileRef = 869917891DAA29700093750F /* done_white.png */; };
		8699178C1DAA29700093750F /* done_white.png in Resources */ = {isa = PBXBuildFile; fileRef = 869917891DAA29700093750F /* done_white.png */; };
		8699178E1DAA297B0093750F /* done_white@2x.png in Resources */ = {isa = PBXBuildFile; fileRef = 8699178D1DAA297B0093750F /* done_white@2x.png */; };
		8699178F1DAA297B0093750F /* done_white@2x.png in Resources */ = {isa = PBXBuildFile; fileRef = 8699178D1DAA297B0093750F /* done_white@2x.png */; };
		869917901DAA297B0093750F /* done_white@2x.png in Resources */ = {isa = PBXBuildFile; fileRef = 8699178D1DAA297B0093750F /* done_white@2x.png */; };
		869917971DAA3BAF0093750F /* delete.png in Resources */ = {isa = PBXBuildFile; fileRef = 869917911DAA3BAF0093750F /* delete.png */; };
		869917981DAA3BAF0093750F /* delete.png in Resources */ = {isa = PBXBuildFile; fileRef = 869917911DAA3BAF0093750F /* delete.png */; };
		869917991DAA3BAF0093750F /* delete.png in Resources */ = {isa = PBXBuildFile; fileRef = 869917911DAA3BAF0093750F /* delete.png */; };
		8699179A1DAA3BAF0093750F /* delete@2x.png in Resources */ = {isa = PBXBuildFile; fileRef = 869917921DAA3BAF0093750F /* delete@2x.png */; };
		8699179B1DAA3BAF0093750F /* delete@2x.png in Resources */ = {isa = PBXBuildFile; fileRef = 869917921DAA3BAF0093750F /* delete@2x.png */; };
		8699179C1DAA3BAF0093750F /* delete@2x.png in Resources */ = {isa = PBXBuildFile; fileRef = 869917921DAA3BAF0093750F /* delete@2x.png */; };
		8699179D1DAA3BAF0093750F /* edit.png in Resources */ = {isa = PBXBuildFile; fileRef = 869917931DAA3BAF0093750F /* edit.png */; };
		8699179E1DAA3BAF0093750F /* edit.png in Resources */ = {isa = PBXBuildFile; fileRef = 869917931DAA3BAF0093750F /* edit.png */; };
		8699179F1DAA3BAF0093750F /* edit.png in Resources */ = {isa = PBXBuildFile; fileRef = 869917931DAA3BAF0093750F /* edit.png */; };
		869917A01DAA3BAF0093750F /* edit@2x.png in Resources */ = {isa = PBXBuildFile; fileRef = 869917941DAA3BAF0093750F /* edit@2x.png */; };
		869917A11DAA3BAF0093750F /* edit@2x.png in Resources */ = {isa = PBXBuildFile; fileRef = 869917941DAA3BAF0093750F /* edit@2x.png */; };
		869917A21DAA3BAF0093750F /* edit@2x.png in Resources */ = {isa = PBXBuildFile; fileRef = 869917941DAA3BAF0093750F /* edit@2x.png */; };
		869917A31DAA3BAF0093750F /* send.png in Resources */ = {isa = PBXBuildFile; fileRef = 869917951DAA3BAF0093750F /* send.png */; };
		869917A41DAA3BAF0093750F /* send.png in Resources */ = {isa = PBXBuildFile; fileRef = 869917951DAA3BAF0093750F /* send.png */; };
		869917A51DAA3BAF0093750F /* send.png in Resources */ = {isa = PBXBuildFile; fileRef = 869917951DAA3BAF0093750F /* send.png */; };
		869917A61DAA3BAF0093750F /* send@2x.png in Resources */ = {isa = PBXBuildFile; fileRef = 869917961DAA3BAF0093750F /* send@2x.png */; };
		869917A71DAA3BAF0093750F /* send@2x.png in Resources */ = {isa = PBXBuildFile; fileRef = 869917961DAA3BAF0093750F /* send@2x.png */; };
		869917A81DAA3BAF0093750F /* send@2x.png in Resources */ = {isa = PBXBuildFile; fileRef = 869917961DAA3BAF0093750F /* send@2x.png */; };
		8699181A1DAD4A060093750F /* notify.m4r in Resources */ = {isa = PBXBuildFile; fileRef = 869918191DAD4A060093750F /* notify.m4r */; };
		8699181B1DAD4A060093750F /* notify.m4r in Resources */ = {isa = PBXBuildFile; fileRef = 869918191DAD4A060093750F /* notify.m4r */; };
		8699181C1DAD4A060093750F /* notify.m4r in Resources */ = {isa = PBXBuildFile; fileRef = 869918191DAD4A060093750F /* notify.m4r */; };
		869C5F041DA68CC400C0F293 /* AppDelegate.m in Sources */ = {isa = PBXBuildFile; fileRef = 869C5F031DA68CC400C0F293 /* AppDelegate.m */; };
		869C5F071DA68CC400C0F293 /* ViewController.m in Sources */ = {isa = PBXBuildFile; fileRef = 869C5F061DA68CC400C0F293 /* ViewController.m */; };
		869C5F0A1DA68CC400C0F293 /* Main.storyboard in Resources */ = {isa = PBXBuildFile; fileRef = 869C5F081DA68CC400C0F293 /* Main.storyboard */; };
		869C5F0D1DA68CC400C0F293 /* Sydra.xcdatamodeld in Sources */ = {isa = PBXBuildFile; fileRef = 869C5F0B1DA68CC400C0F293 /* Sydra.xcdatamodeld */; };
		869C5F0F1DA68CC400C0F293 /* Assets.xcassets in Resources */ = {isa = PBXBuildFile; fileRef = 869C5F0E1DA68CC400C0F293 /* Assets.xcassets */; };
		869C5F121DA68CC400C0F293 /* LaunchScreen.storyboard in Resources */ = {isa = PBXBuildFile; fileRef = 869C5F101DA68CC400C0F293 /* LaunchScreen.storyboard */; };
		869C5F1D1DA68CC400C0F293 /* SydraTests.m in Sources */ = {isa = PBXBuildFile; fileRef = 869C5F1C1DA68CC400C0F293 /* SydraTests.m */; };
		869C5F281DA68CC400C0F293 /* SydraUITests.m in Sources */ = {isa = PBXBuildFile; fileRef = 869C5F271DA68CC400C0F293 /* SydraUITests.m */; };
		869C5F371DA68EAE00C0F293 /* LoginTableViewCell.m in Sources */ = {isa = PBXBuildFile; fileRef = 869C5F361DA68EAE00C0F293 /* LoginTableViewCell.m */; };
		869C5F3A1DA690FA00C0F293 /* QuartzCore.framework in Frameworks */ = {isa = PBXBuildFile; fileRef = 869C5F391DA690FA00C0F293 /* QuartzCore.framework */; };
		869C5F3E1DA69CFE00C0F293 /* SignUpController.m in Sources */ = {isa = PBXBuildFile; fileRef = 869C5F3D1DA69CFE00C0F293 /* SignUpController.m */; };
		869C5F421DA6A06500C0F293 /* TealButton.m in Sources */ = {isa = PBXBuildFile; fileRef = 869C5F411DA6A06500C0F293 /* TealButton.m */; };
		869C5F451DA6AB5800C0F293 /* sydra_logo.png in Resources */ = {isa = PBXBuildFile; fileRef = 869C5F441DA6AB5800C0F293 /* sydra_logo.png */; };
		869C5F471DA6AB6200C0F293 /* sydra_logo@2x.png in Resources */ = {isa = PBXBuildFile; fileRef = 869C5F461DA6AB6200C0F293 /* sydra_logo@2x.png */; };
		869C5F4E1DA6C05C00C0F293 /* close@2x.png in Resources */ = {isa = PBXBuildFile; fileRef = 869C5F4D1DA6C05C00C0F293 /* close@2x.png */; };
		869C5F501DA6C06000C0F293 /* close.png in Resources */ = {isa = PBXBuildFile; fileRef = 869C5F4F1DA6C06000C0F293 /* close.png */; };
		869C5F721DA6C83B00C0F293 /* FSCalendar.m in Sources */ = {isa = PBXBuildFile; fileRef = 869C5F531DA6C83B00C0F293 /* FSCalendar.m */; };
		869C5F731DA6C83B00C0F293 /* FSCalendarAppearance.m in Sources */ = {isa = PBXBuildFile; fileRef = 869C5F551DA6C83B00C0F293 /* FSCalendarAppearance.m */; };
		869C5F741DA6C83B00C0F293 /* FSCalendarConstance.m in Sources */ = {isa = PBXBuildFile; fileRef = 869C5F571DA6C83B00C0F293 /* FSCalendarConstance.m */; };
		869C5F751DA6C83B00C0F293 /* FSCalendarScopeHandle.m in Sources */ = {isa = PBXBuildFile; fileRef = 869C5F591DA6C83B00C0F293 /* FSCalendarScopeHandle.m */; };
		869C5F761DA6C83B00C0F293 /* FSCalendarCell.m in Sources */ = {isa = PBXBuildFile; fileRef = 869C5F5B1DA6C83B00C0F293 /* FSCalendarCell.m */; };
		869C5F771DA6C83B00C0F293 /* FSCalendarEventIndicator.m in Sources */ = {isa = PBXBuildFile; fileRef = 869C5F5D1DA6C83B00C0F293 /* FSCalendarEventIndicator.m */; };
		869C5F781DA6C83B00C0F293 /* FSCalendarCollectionView.m in Sources */ = {isa = PBXBuildFile; fileRef = 869C5F5F1DA6C83B00C0F293 /* FSCalendarCollectionView.m */; };
		869C5F791DA6C83B00C0F293 /* FSCalendarHeader.m in Sources */ = {isa = PBXBuildFile; fileRef = 869C5F611DA6C83B00C0F293 /* FSCalendarHeader.m */; };
		869C5F7A1DA6C83B00C0F293 /* FSCalendarStickyHeader.m in Sources */ = {isa = PBXBuildFile; fileRef = 869C5F631DA6C83B00C0F293 /* FSCalendarStickyHeader.m */; };
		869C5F7B1DA6C83B00C0F293 /* FSCalendarFlowLayout.m in Sources */ = {isa = PBXBuildFile; fileRef = 869C5F651DA6C83B00C0F293 /* FSCalendarFlowLayout.m */; };
		869C5F7C1DA6C83B00C0F293 /* FSCalendarAnimator.m in Sources */ = {isa = PBXBuildFile; fileRef = 869C5F671DA6C83B00C0F293 /* FSCalendarAnimator.m */; };
		869C5F7D1DA6C83B00C0F293 /* UIView+FSExtension.m in Sources */ = {isa = PBXBuildFile; fileRef = 869C5F6A1DA6C83B00C0F293 /* UIView+FSExtension.m */; };
		869C5F7E1DA6C83B00C0F293 /* CALayer+FSExtension.m in Sources */ = {isa = PBXBuildFile; fileRef = 869C5F6C1DA6C83B00C0F293 /* CALayer+FSExtension.m */; };
		869C5F7F1DA6C83B00C0F293 /* NSObject+FSExtension.m in Sources */ = {isa = PBXBuildFile; fileRef = 869C5F6E1DA6C83B00C0F293 /* NSObject+FSExtension.m */; };
		869C5F801DA6C83B00C0F293 /* FSCalendar+IBExtension.m in Sources */ = {isa = PBXBuildFile; fileRef = 869C5F701DA6C83B00C0F293 /* FSCalendar+IBExtension.m */; };
		869C5F811DA6C83B00C0F293 /* FSCalendar+Deprecated.m in Sources */ = {isa = PBXBuildFile; fileRef = 869C5F711DA6C83B00C0F293 /* FSCalendar+Deprecated.m */; };
		869C5F851DA6C91000C0F293 /* TimelineViewController.m in Sources */ = {isa = PBXBuildFile; fileRef = 869C5F841DA6C91000C0F293 /* TimelineViewController.m */; };
		869C5F891DA6D4F500C0F293 /* more@2x.png in Resources */ = {isa = PBXBuildFile; fileRef = 869C5F881DA6D4F500C0F293 /* more@2x.png */; };
		869C5F8B1DA6D4FC00C0F293 /* more.png in Resources */ = {isa = PBXBuildFile; fileRef = 869C5F8A1DA6D4FC00C0F293 /* more.png */; };
		869C5F8D1DA6D9CA00C0F293 /* plus.png in Resources */ = {isa = PBXBuildFile; fileRef = 869C5F8C1DA6D9CA00C0F293 /* plus.png */; };
		869C5F8F1DA6D9CE00C0F293 /* plus@2x.png in Resources */ = {isa = PBXBuildFile; fileRef = 869C5F8E1DA6D9CE00C0F293 /* plus@2x.png */; };
		869C5F911DA6D9D400C0F293 /* menu.png in Resources */ = {isa = PBXBuildFile; fileRef = 869C5F901DA6D9D400C0F293 /* menu.png */; };
		869C5F931DA6D9D900C0F293 /* menu@2x.png in Resources */ = {isa = PBXBuildFile; fileRef = 869C5F921DA6D9D900C0F293 /* menu@2x.png */; };
		869C5F971DA6DFF800C0F293 /* NewTaskViewController.m in Sources */ = {isa = PBXBuildFile; fileRef = 869C5F961DA6DFF800C0F293 /* NewTaskViewController.m */; };
		869C5F9A1DA6E08800C0F293 /* NewTaskTableViewCell.m in Sources */ = {isa = PBXBuildFile; fileRef = 869C5F991DA6E08800C0F293 /* NewTaskTableViewCell.m */; };
		869C5F9C1DA6E45F00C0F293 /* ColorList.plist in Resources */ = {isa = PBXBuildFile; fileRef = 869C5F9B1DA6E45F00C0F293 /* ColorList.plist */; };
		869C5FA71DA7096A00C0F293 /* SVIndefiniteAnimatedView.m in Sources */ = {isa = PBXBuildFile; fileRef = 869C5F9F1DA7096A00C0F293 /* SVIndefiniteAnimatedView.m */; };
		869C5FA81DA7096A00C0F293 /* SVProgressAnimatedView.m in Sources */ = {isa = PBXBuildFile; fileRef = 869C5FA11DA7096A00C0F293 /* SVProgressAnimatedView.m */; };
		869C5FA91DA7096A00C0F293 /* SVProgressHUD.bundle in Resources */ = {isa = PBXBuildFile; fileRef = 869C5FA21DA7096A00C0F293 /* SVProgressHUD.bundle */; };
		869C5FAA1DA7096A00C0F293 /* SVProgressHUD.m in Sources */ = {isa = PBXBuildFile; fileRef = 869C5FA41DA7096A00C0F293 /* SVProgressHUD.m */; };
		869C5FAB1DA7096A00C0F293 /* SVRadialGradientLayer.m in Sources */ = {isa = PBXBuildFile; fileRef = 869C5FA61DA7096A00C0F293 /* SVRadialGradientLayer.m */; };
		869C5FB81DA72C1200C0F293 /* MapViewController.m in Sources */ = {isa = PBXBuildFile; fileRef = 869C5FB71DA72C1200C0F293 /* MapViewController.m */; };
		869C5FBA1DA72EE900C0F293 /* MapKit.framework in Frameworks */ = {isa = PBXBuildFile; fileRef = 869C5FB91DA72EE900C0F293 /* MapKit.framework */; };
		86EFAA0A1DA73301004DD3C3 /* CoreLocation.framework in Frameworks */ = {isa = PBXBuildFile; fileRef = 86EFAA091DA73301004DD3C3 /* CoreLocation.framework */; };
		86EFAA1A1DA74C78004DD3C3 /* CoreDataHandler.m in Sources */ = {isa = PBXBuildFile; fileRef = 86EFAA191DA74C78004DD3C3 /* CoreDataHandler.m */; };
		86EFAA231DA76A2A004DD3C3 /* clock.png in Resources */ = {isa = PBXBuildFile; fileRef = 86EFAA1B1DA76A2A004DD3C3 /* clock.png */; };
		86EFAA241DA76A2A004DD3C3 /* clock@2x.png in Resources */ = {isa = PBXBuildFile; fileRef = 86EFAA1C1DA76A2A004DD3C3 /* clock@2x.png */; };
		86EFAA251DA76A2A004DD3C3 /* done.png in Resources */ = {isa = PBXBuildFile; fileRef = 86EFAA1D1DA76A2A004DD3C3 /* done.png */; };
		86EFAA261DA76A2A004DD3C3 /* done@2x.png in Resources */ = {isa = PBXBuildFile; fileRef = 86EFAA1E1DA76A2A004DD3C3 /* done@2x.png */; };
		86EFAA291DA76A2A004DD3C3 /* pointer.png in Resources */ = {isa = PBXBuildFile; fileRef = 86EFAA211DA76A2A004DD3C3 /* pointer.png */; };
		86EFAA2A1DA76A2A004DD3C3 /* pointer@2x.png in Resources */ = {isa = PBXBuildFile; fileRef = 86EFAA221DA76A2A004DD3C3 /* pointer@2x.png */; };
		86EFAA2D1DA76A80004DD3C3 /* TimelineTableViewCell.m in Sources */ = {isa = PBXBuildFile; fileRef = 86EFAA2C1DA76A80004DD3C3 /* TimelineTableViewCell.m */; };
		86EFAA321DA788D5004DD3C3 /* Task+CoreDataClass.m in Sources */ = {isa = PBXBuildFile; fileRef = 86EFAA2F1DA788D5004DD3C3 /* Task+CoreDataClass.m */; };
		86EFAA331DA788D5004DD3C3 /* Task+CoreDataProperties.m in Sources */ = {isa = PBXBuildFile; fileRef = 86EFAA311DA788D5004DD3C3 /* Task+CoreDataProperties.m */; };
		86EFAA351DA7915C004DD3C3 /* logout.png in Resources */ = {isa = PBXBuildFile; fileRef = 86EFAA341DA7915C004DD3C3 /* logout.png */; };
		86EFAA371DA79160004DD3C3 /* logout@2x.png in Resources */ = {isa = PBXBuildFile; fileRef = 86EFAA361DA79160004DD3C3 /* logout@2x.png */; };
/* End PBXBuildFile section */

/* Begin PBXContainerItemProxy section */
		869917221DA8FB570093750F /* PBXContainerItemProxy */ = {
			isa = PBXContainerItemProxy;
			containerPortal = 8699171B1DA8FB570093750F /* Material.xcodeproj */;
			proxyType = 2;
			remoteGlobalIDString = 963832361B88DFD80015F710;
			remoteInfo = "Material iOS";
		};
		869917241DA8FB570093750F /* PBXContainerItemProxy */ = {
			isa = PBXContainerItemProxy;
			containerPortal = 8699171B1DA8FB570093750F /* Material.xcodeproj */;
			proxyType = 2;
			remoteGlobalIDString = 966016131CB2ED6C00AAB661;
			remoteInfo = "Material macOS";
		};
		869917261DA8FB570093750F /* PBXContainerItemProxy */ = {
			isa = PBXContainerItemProxy;
			containerPortal = 8699171B1DA8FB570093750F /* Material.xcodeproj */;
			proxyType = 2;
			remoteGlobalIDString = 963832411B88DFD80015F710;
			remoteInfo = "Material iOS Tests";
		};
		869917281DA8FB570093750F /* PBXContainerItemProxy */ = {
			isa = PBXContainerItemProxy;
			containerPortal = 8699171B1DA8FB570093750F /* Material.xcodeproj */;
			proxyType = 2;
			remoteGlobalIDString = 9660161C1CB2ED6C00AAB661;
			remoteInfo = "Material macOS Tests";
		};
		8699172A1DA8FB630093750F /* PBXContainerItemProxy */ = {
			isa = PBXContainerItemProxy;
			containerPortal = 8699171B1DA8FB570093750F /* Material.xcodeproj */;
			proxyType = 1;
			remoteGlobalIDString = 963832351B88DFD80015F710;
			remoteInfo = "Material iOS";
		};
		8699172E1DA8FB6F0093750F /* PBXContainerItemProxy */ = {
			isa = PBXContainerItemProxy;
			containerPortal = 8699171B1DA8FB570093750F /* Material.xcodeproj */;
			proxyType = 1;
			remoteGlobalIDString = 963832351B88DFD80015F710;
			remoteInfo = "Material iOS";
		};
		869C5F191DA68CC400C0F293 /* PBXContainerItemProxy */ = {
			isa = PBXContainerItemProxy;
			containerPortal = 869C5EF41DA68CC300C0F293 /* Project object */;
			proxyType = 1;
			remoteGlobalIDString = 869C5EFB1DA68CC400C0F293;
			remoteInfo = Sydra;
		};
		869C5F241DA68CC400C0F293 /* PBXContainerItemProxy */ = {
			isa = PBXContainerItemProxy;
			containerPortal = 869C5EF41DA68CC300C0F293 /* Project object */;
			proxyType = 1;
			remoteGlobalIDString = 869C5EFB1DA68CC400C0F293;
			remoteInfo = Sydra;
		};
/* End PBXContainerItemProxy section */

/* Begin PBXCopyFilesBuildPhase section */
		869917301DA8FB700093750F /* Embed Frameworks */ = {
			isa = PBXCopyFilesBuildPhase;
			buildActionMask = 2147483647;
			dstPath = "";
			dstSubfolderSpec = 10;
			files = (
				8699172D1DA8FB6F0093750F /* Material.framework in Embed Frameworks */,
			);
			name = "Embed Frameworks";
			runOnlyForDeploymentPostprocessing = 0;
		};
		869917C41DAB5C710093750F /* Embed App Extensions */ = {
			isa = PBXCopyFilesBuildPhase;
			buildActionMask = 2147483647;
			dstPath = "";
			dstSubfolderSpec = 13;
			files = (
			);
			name = "Embed App Extensions";
			runOnlyForDeploymentPostprocessing = 0;
		};
/* End PBXCopyFilesBuildPhase section */

/* Begin PBXFileReference section */
		8699171B1DA8FB570093750F /* Material.xcodeproj */ = {isa = PBXFileReference; lastKnownFileType = "wrapper.pb-project"; name = Material.xcodeproj; path = "Material-master/Material.xcodeproj"; sourceTree = "<group>"; };
		869917321DA900120093750F /* Sydra-Bridging-Header.h */ = {isa = PBXFileReference; lastKnownFileType = sourcecode.c.h; path = "Sydra-Bridging-Header.h"; sourceTree = "<group>"; };
		8699173F1DA90F720093750F /* NSString+Validations.h */ = {isa = PBXFileReference; fileEncoding = 4; lastKnownFileType = sourcecode.c.h; path = "NSString+Validations.h"; sourceTree = "<group>"; };
		869917401DA90F720093750F /* NSString+Validations.m */ = {isa = PBXFileReference; fileEncoding = 4; lastKnownFileType = sourcecode.c.objc; path = "NSString+Validations.m"; sourceTree = "<group>"; };
		869917441DA9128A0093750F /* SydraTests-Bridging-Header.h */ = {isa = PBXFileReference; lastKnownFileType = sourcecode.c.h; path = "SydraTests-Bridging-Header.h"; sourceTree = "<group>"; };
		869917451DA9128A0093750F /* SydraUITests-Bridging-Header.h */ = {isa = PBXFileReference; lastKnownFileType = sourcecode.c.h; path = "SydraUITests-Bridging-Header.h"; sourceTree = "<group>"; };
		8699177A1DA9528A0093750F /* UITextField+Shake.h */ = {isa = PBXFileReference; fileEncoding = 4; lastKnownFileType = sourcecode.c.h; path = "UITextField+Shake.h"; sourceTree = "<group>"; };
		8699177B1DA9528A0093750F /* UITextField+Shake.m */ = {isa = PBXFileReference; fileEncoding = 4; lastKnownFileType = sourcecode.c.objc; path = "UITextField+Shake.m"; sourceTree = "<group>"; };
		8699177F1DAA239E0093750F /* MGSwipeButton.h */ = {isa = PBXFileReference; fileEncoding = 4; lastKnownFileType = sourcecode.c.h; path = MGSwipeButton.h; sourceTree = "<group>"; };
		869917801DAA239E0093750F /* MGSwipeButton.m */ = {isa = PBXFileReference; fileEncoding = 4; lastKnownFileType = sourcecode.c.objc; path = MGSwipeButton.m; sourceTree = "<group>"; };
		869917811DAA239E0093750F /* MGSwipeTableCell.h */ = {isa = PBXFileReference; fileEncoding = 4; lastKnownFileType = sourcecode.c.h; path = MGSwipeTableCell.h; sourceTree = "<group>"; };
		869917821DAA239E0093750F /* MGSwipeTableCell.m */ = {isa = PBXFileReference; fileEncoding = 4; lastKnownFileType = sourcecode.c.objc; path = MGSwipeTableCell.m; sourceTree = "<group>"; };
		869917891DAA29700093750F /* done_white.png */ = {isa = PBXFileReference; lastKnownFileType = image.png; path = done_white.png; sourceTree = "<group>"; };
		8699178D1DAA297B0093750F /* done_white@2x.png */ = {isa = PBXFileReference; lastKnownFileType = image.png; path = "done_white@2x.png"; sourceTree = "<group>"; };
		869917911DAA3BAF0093750F /* delete.png */ = {isa = PBXFileReference; lastKnownFileType = image.png; path = delete.png; sourceTree = "<group>"; };
		869917921DAA3BAF0093750F /* delete@2x.png */ = {isa = PBXFileReference; lastKnownFileType = image.png; path = "delete@2x.png"; sourceTree = "<group>"; };
		869917931DAA3BAF0093750F /* edit.png */ = {isa = PBXFileReference; lastKnownFileType = image.png; path = edit.png; sourceTree = "<group>"; };
		869917941DAA3BAF0093750F /* edit@2x.png */ = {isa = PBXFileReference; lastKnownFileType = image.png; path = "edit@2x.png"; sourceTree = "<group>"; };
		869917951DAA3BAF0093750F /* send.png */ = {isa = PBXFileReference; lastKnownFileType = image.png; path = send.png; sourceTree = "<group>"; };
		869917961DAA3BAF0093750F /* send@2x.png */ = {isa = PBXFileReference; lastKnownFileType = image.png; path = "send@2x.png"; sourceTree = "<group>"; };
		869917B81DAB5C710093750F /* IntentsUI.framework */ = {isa = PBXFileReference; lastKnownFileType = wrapper.framework; name = IntentsUI.framework; path = System/Library/Frameworks/IntentsUI.framework; sourceTree = SDKROOT; };
		869918191DAD4A060093750F /* notify.m4r */ = {isa = PBXFileReference; lastKnownFileType = file; path = notify.m4r; sourceTree = "<group>"; };
		869C5EFC1DA68CC400C0F293 /* Sydra.app */ = {isa = PBXFileReference; explicitFileType = wrapper.application; includeInIndex = 0; path = Sydra.app; sourceTree = BUILT_PRODUCTS_DIR; };
		869C5F001DA68CC400C0F293 /* main.m */ = {isa = PBXFileReference; lastKnownFileType = sourcecode.c.objc; path = main.m; sourceTree = "<group>"; };
		869C5F021DA68CC400C0F293 /* AppDelegate.h */ = {isa = PBXFileReference; lastKnownFileType = sourcecode.c.h; path = AppDelegate.h; sourceTree = "<group>"; };
		869C5F031DA68CC400C0F293 /* AppDelegate.m */ = {isa = PBXFileReference; lastKnownFileType = sourcecode.c.objc; path = AppDelegate.m; sourceTree = "<group>"; };
		869C5F051DA68CC400C0F293 /* ViewController.h */ = {isa = PBXFileReference; lastKnownFileType = sourcecode.c.h; path = ViewController.h; sourceTree = "<group>"; };
		869C5F061DA68CC400C0F293 /* ViewController.m */ = {isa = PBXFileReference; lastKnownFileType = sourcecode.c.objc; path = ViewController.m; sourceTree = "<group>"; };
		869C5F091DA68CC400C0F293 /* Base */ = {isa = PBXFileReference; lastKnownFileType = file.storyboard; name = Base; path = Base.lproj/Main.storyboard; sourceTree = "<group>"; };
		869C5F0C1DA68CC400C0F293 /* Sydra.xcdatamodel */ = {isa = PBXFileReference; lastKnownFileType = wrapper.xcdatamodel; path = Sydra.xcdatamodel; sourceTree = "<group>"; };
		869C5F0E1DA68CC400C0F293 /* Assets.xcassets */ = {isa = PBXFileReference; lastKnownFileType = folder.assetcatalog; path = Assets.xcassets; sourceTree = "<group>"; };
		869C5F111DA68CC400C0F293 /* Base */ = {isa = PBXFileReference; lastKnownFileType = file.storyboard; name = Base; path = Base.lproj/LaunchScreen.storyboard; sourceTree = "<group>"; };
		869C5F131DA68CC400C0F293 /* Info.plist */ = {isa = PBXFileReference; lastKnownFileType = text.plist.xml; path = Info.plist; sourceTree = "<group>"; };
		869C5F181DA68CC400C0F293 /* SydraTests.xctest */ = {isa = PBXFileReference; explicitFileType = wrapper.cfbundle; includeInIndex = 0; path = SydraTests.xctest; sourceTree = BUILT_PRODUCTS_DIR; };
		869C5F1C1DA68CC400C0F293 /* SydraTests.m */ = {isa = PBXFileReference; lastKnownFileType = sourcecode.c.objc; path = SydraTests.m; sourceTree = "<group>"; };
		869C5F1E1DA68CC400C0F293 /* Info.plist */ = {isa = PBXFileReference; lastKnownFileType = text.plist.xml; path = Info.plist; sourceTree = "<group>"; };
		869C5F231DA68CC400C0F293 /* SydraUITests.xctest */ = {isa = PBXFileReference; explicitFileType = wrapper.cfbundle; includeInIndex = 0; path = SydraUITests.xctest; sourceTree = BUILT_PRODUCTS_DIR; };
		869C5F271DA68CC400C0F293 /* SydraUITests.m */ = {isa = PBXFileReference; lastKnownFileType = sourcecode.c.objc; path = SydraUITests.m; sourceTree = "<group>"; };
		869C5F291DA68CC400C0F293 /* Info.plist */ = {isa = PBXFileReference; lastKnownFileType = text.plist.xml; path = Info.plist; sourceTree = "<group>"; };
		869C5F351DA68EAE00C0F293 /* LoginTableViewCell.h */ = {isa = PBXFileReference; fileEncoding = 4; lastKnownFileType = sourcecode.c.h; path = LoginTableViewCell.h; sourceTree = "<group>"; };
		869C5F361DA68EAE00C0F293 /* LoginTableViewCell.m */ = {isa = PBXFileReference; fileEncoding = 4; lastKnownFileType = sourcecode.c.objc; path = LoginTableViewCell.m; sourceTree = "<group>"; };
		869C5F391DA690FA00C0F293 /* QuartzCore.framework */ = {isa = PBXFileReference; lastKnownFileType = wrapper.framework; name = QuartzCore.framework; path = System/Library/Frameworks/QuartzCore.framework; sourceTree = SDKROOT; };
		869C5F3C1DA69CFE00C0F293 /* SignUpController.h */ = {isa = PBXFileReference; fileEncoding = 4; lastKnownFileType = sourcecode.c.h; path = SignUpController.h; sourceTree = "<group>"; };
		869C5F3D1DA69CFE00C0F293 /* SignUpController.m */ = {isa = PBXFileReference; fileEncoding = 4; lastKnownFileType = sourcecode.c.objc; path = SignUpController.m; sourceTree = "<group>"; };
		869C5F401DA6A06500C0F293 /* TealButton.h */ = {isa = PBXFileReference; fileEncoding = 4; lastKnownFileType = sourcecode.c.h; path = TealButton.h; sourceTree = "<group>"; };
		869C5F411DA6A06500C0F293 /* TealButton.m */ = {isa = PBXFileReference; fileEncoding = 4; lastKnownFileType = sourcecode.c.objc; path = TealButton.m; sourceTree = "<group>"; };
		869C5F441DA6AB5800C0F293 /* sydra_logo.png */ = {isa = PBXFileReference; lastKnownFileType = image.png; path = sydra_logo.png; sourceTree = "<group>"; };
		869C5F461DA6AB6200C0F293 /* sydra_logo@2x.png */ = {isa = PBXFileReference; lastKnownFileType = image.png; path = "sydra_logo@2x.png"; sourceTree = "<group>"; };
		869C5F4D1DA6C05C00C0F293 /* close@2x.png */ = {isa = PBXFileReference; lastKnownFileType = image.png; path = "close@2x.png"; sourceTree = "<group>"; };
		869C5F4F1DA6C06000C0F293 /* close.png */ = {isa = PBXFileReference; lastKnownFileType = image.png; path = close.png; sourceTree = "<group>"; };
		869C5F521DA6C83B00C0F293 /* FSCalendar.h */ = {isa = PBXFileReference; fileEncoding = 4; lastKnownFileType = sourcecode.c.h; path = FSCalendar.h; sourceTree = "<group>"; };
		869C5F531DA6C83B00C0F293 /* FSCalendar.m */ = {isa = PBXFileReference; fileEncoding = 4; lastKnownFileType = sourcecode.c.objc; path = FSCalendar.m; sourceTree = "<group>"; };
		869C5F541DA6C83B00C0F293 /* FSCalendarAppearance.h */ = {isa = PBXFileReference; fileEncoding = 4; lastKnownFileType = sourcecode.c.h; path = FSCalendarAppearance.h; sourceTree = "<group>"; };
		869C5F551DA6C83B00C0F293 /* FSCalendarAppearance.m */ = {isa = PBXFileReference; fileEncoding = 4; lastKnownFileType = sourcecode.c.objc; path = FSCalendarAppearance.m; sourceTree = "<group>"; };
		869C5F561DA6C83B00C0F293 /* FSCalendarConstance.h */ = {isa = PBXFileReference; fileEncoding = 4; lastKnownFileType = sourcecode.c.h; path = FSCalendarConstance.h; sourceTree = "<group>"; };
		869C5F571DA6C83B00C0F293 /* FSCalendarConstance.m */ = {isa = PBXFileReference; fileEncoding = 4; lastKnownFileType = sourcecode.c.objc; path = FSCalendarConstance.m; sourceTree = "<group>"; };
		869C5F581DA6C83B00C0F293 /* FSCalendarScopeHandle.h */ = {isa = PBXFileReference; fileEncoding = 4; lastKnownFileType = sourcecode.c.h; path = FSCalendarScopeHandle.h; sourceTree = "<group>"; };
		869C5F591DA6C83B00C0F293 /* FSCalendarScopeHandle.m */ = {isa = PBXFileReference; fileEncoding = 4; lastKnownFileType = sourcecode.c.objc; path = FSCalendarScopeHandle.m; sourceTree = "<group>"; };
		869C5F5A1DA6C83B00C0F293 /* FSCalendarCell.h */ = {isa = PBXFileReference; fileEncoding = 4; lastKnownFileType = sourcecode.c.h; path = FSCalendarCell.h; sourceTree = "<group>"; };
		869C5F5B1DA6C83B00C0F293 /* FSCalendarCell.m */ = {isa = PBXFileReference; fileEncoding = 4; lastKnownFileType = sourcecode.c.objc; path = FSCalendarCell.m; sourceTree = "<group>"; };
		869C5F5C1DA6C83B00C0F293 /* FSCalendarEventIndicator.h */ = {isa = PBXFileReference; fileEncoding = 4; lastKnownFileType = sourcecode.c.h; path = FSCalendarEventIndicator.h; sourceTree = "<group>"; };
		869C5F5D1DA6C83B00C0F293 /* FSCalendarEventIndicator.m */ = {isa = PBXFileReference; fileEncoding = 4; lastKnownFileType = sourcecode.c.objc; path = FSCalendarEventIndicator.m; sourceTree = "<group>"; };
		869C5F5E1DA6C83B00C0F293 /* FSCalendarCollectionView.h */ = {isa = PBXFileReference; fileEncoding = 4; lastKnownFileType = sourcecode.c.h; path = FSCalendarCollectionView.h; sourceTree = "<group>"; };
		869C5F5F1DA6C83B00C0F293 /* FSCalendarCollectionView.m */ = {isa = PBXFileReference; fileEncoding = 4; lastKnownFileType = sourcecode.c.objc; path = FSCalendarCollectionView.m; sourceTree = "<group>"; };
		869C5F601DA6C83B00C0F293 /* FSCalendarHeader.h */ = {isa = PBXFileReference; fileEncoding = 4; lastKnownFileType = sourcecode.c.h; path = FSCalendarHeader.h; sourceTree = "<group>"; };
		869C5F611DA6C83B00C0F293 /* FSCalendarHeader.m */ = {isa = PBXFileReference; fileEncoding = 4; lastKnownFileType = sourcecode.c.objc; path = FSCalendarHeader.m; sourceTree = "<group>"; };
		869C5F621DA6C83B00C0F293 /* FSCalendarStickyHeader.h */ = {isa = PBXFileReference; fileEncoding = 4; lastKnownFileType = sourcecode.c.h; path = FSCalendarStickyHeader.h; sourceTree = "<group>"; };
		869C5F631DA6C83B00C0F293 /* FSCalendarStickyHeader.m */ = {isa = PBXFileReference; fileEncoding = 4; lastKnownFileType = sourcecode.c.objc; path = FSCalendarStickyHeader.m; sourceTree = "<group>"; };
		869C5F641DA6C83B00C0F293 /* FSCalendarFlowLayout.h */ = {isa = PBXFileReference; fileEncoding = 4; lastKnownFileType = sourcecode.c.h; path = FSCalendarFlowLayout.h; sourceTree = "<group>"; };
		869C5F651DA6C83B00C0F293 /* FSCalendarFlowLayout.m */ = {isa = PBXFileReference; fileEncoding = 4; lastKnownFileType = sourcecode.c.objc; path = FSCalendarFlowLayout.m; sourceTree = "<group>"; };
		869C5F661DA6C83B00C0F293 /* FSCalendarAnimator.h */ = {isa = PBXFileReference; fileEncoding = 4; lastKnownFileType = sourcecode.c.h; path = FSCalendarAnimator.h; sourceTree = "<group>"; };
		869C5F671DA6C83B00C0F293 /* FSCalendarAnimator.m */ = {isa = PBXFileReference; fileEncoding = 4; lastKnownFileType = sourcecode.c.objc; path = FSCalendarAnimator.m; sourceTree = "<group>"; };
		869C5F681DA6C83B00C0F293 /* FSCalendarDynamicHeader.h */ = {isa = PBXFileReference; fileEncoding = 4; lastKnownFileType = sourcecode.c.h; path = FSCalendarDynamicHeader.h; sourceTree = "<group>"; };
		869C5F691DA6C83B00C0F293 /* UIView+FSExtension.h */ = {isa = PBXFileReference; fileEncoding = 4; lastKnownFileType = sourcecode.c.h; path = "UIView+FSExtension.h"; sourceTree = "<group>"; };
		869C5F6A1DA6C83B00C0F293 /* UIView+FSExtension.m */ = {isa = PBXFileReference; fileEncoding = 4; lastKnownFileType = sourcecode.c.objc; path = "UIView+FSExtension.m"; sourceTree = "<group>"; };
		869C5F6B1DA6C83B00C0F293 /* CALayer+FSExtension.h */ = {isa = PBXFileReference; fileEncoding = 4; lastKnownFileType = sourcecode.c.h; path = "CALayer+FSExtension.h"; sourceTree = "<group>"; };
		869C5F6C1DA6C83B00C0F293 /* CALayer+FSExtension.m */ = {isa = PBXFileReference; fileEncoding = 4; lastKnownFileType = sourcecode.c.objc; path = "CALayer+FSExtension.m"; sourceTree = "<group>"; };
		869C5F6D1DA6C83B00C0F293 /* NSObject+FSExtension.h */ = {isa = PBXFileReference; fileEncoding = 4; lastKnownFileType = sourcecode.c.h; path = "NSObject+FSExtension.h"; sourceTree = "<group>"; };
		869C5F6E1DA6C83B00C0F293 /* NSObject+FSExtension.m */ = {isa = PBXFileReference; fileEncoding = 4; lastKnownFileType = sourcecode.c.objc; path = "NSObject+FSExtension.m"; sourceTree = "<group>"; };
		869C5F6F1DA6C83B00C0F293 /* FSCalendar+IBExtension.h */ = {isa = PBXFileReference; fileEncoding = 4; lastKnownFileType = sourcecode.c.h; path = "FSCalendar+IBExtension.h"; sourceTree = "<group>"; };
		869C5F701DA6C83B00C0F293 /* FSCalendar+IBExtension.m */ = {isa = PBXFileReference; fileEncoding = 4; lastKnownFileType = sourcecode.c.objc; path = "FSCalendar+IBExtension.m"; sourceTree = "<group>"; };
		869C5F711DA6C83B00C0F293 /* FSCalendar+Deprecated.m */ = {isa = PBXFileReference; fileEncoding = 4; lastKnownFileType = sourcecode.c.objc; path = "FSCalendar+Deprecated.m"; sourceTree = "<group>"; };
		869C5F831DA6C91000C0F293 /* TimelineViewController.h */ = {isa = PBXFileReference; fileEncoding = 4; lastKnownFileType = sourcecode.c.h; path = TimelineViewController.h; sourceTree = "<group>"; };
		869C5F841DA6C91000C0F293 /* TimelineViewController.m */ = {isa = PBXFileReference; fileEncoding = 4; lastKnownFileType = sourcecode.c.objc; path = TimelineViewController.m; sourceTree = "<group>"; };
		869C5F881DA6D4F500C0F293 /* more@2x.png */ = {isa = PBXFileReference; lastKnownFileType = image.png; path = "more@2x.png"; sourceTree = "<group>"; };
		869C5F8A1DA6D4FC00C0F293 /* more.png */ = {isa = PBXFileReference; lastKnownFileType = image.png; path = more.png; sourceTree = "<group>"; };
		869C5F8C1DA6D9CA00C0F293 /* plus.png */ = {isa = PBXFileReference; lastKnownFileType = image.png; path = plus.png; sourceTree = "<group>"; };
		869C5F8E1DA6D9CE00C0F293 /* plus@2x.png */ = {isa = PBXFileReference; lastKnownFileType = image.png; path = "plus@2x.png"; sourceTree = "<group>"; };
		869C5F901DA6D9D400C0F293 /* menu.png */ = {isa = PBXFileReference; lastKnownFileType = image.png; path = menu.png; sourceTree = "<group>"; };
		869C5F921DA6D9D900C0F293 /* menu@2x.png */ = {isa = PBXFileReference; lastKnownFileType = image.png; path = "menu@2x.png"; sourceTree = "<group>"; };
		869C5F951DA6DFF800C0F293 /* NewTaskViewController.h */ = {isa = PBXFileReference; fileEncoding = 4; lastKnownFileType = sourcecode.c.h; path = NewTaskViewController.h; sourceTree = "<group>"; };
		869C5F961DA6DFF800C0F293 /* NewTaskViewController.m */ = {isa = PBXFileReference; fileEncoding = 4; lastKnownFileType = sourcecode.c.objc; path = NewTaskViewController.m; sourceTree = "<group>"; };
		869C5F981DA6E08800C0F293 /* NewTaskTableViewCell.h */ = {isa = PBXFileReference; fileEncoding = 4; lastKnownFileType = sourcecode.c.h; path = NewTaskTableViewCell.h; sourceTree = "<group>"; };
		869C5F991DA6E08800C0F293 /* NewTaskTableViewCell.m */ = {isa = PBXFileReference; fileEncoding = 4; lastKnownFileType = sourcecode.c.objc; path = NewTaskTableViewCell.m; sourceTree = "<group>"; };
		869C5F9B1DA6E45F00C0F293 /* ColorList.plist */ = {isa = PBXFileReference; fileEncoding = 4; lastKnownFileType = text.plist.xml; path = ColorList.plist; sourceTree = "<group>"; };
		869C5F9E1DA7096A00C0F293 /* SVIndefiniteAnimatedView.h */ = {isa = PBXFileReference; fileEncoding = 4; lastKnownFileType = sourcecode.c.h; path = SVIndefiniteAnimatedView.h; sourceTree = "<group>"; };
		869C5F9F1DA7096A00C0F293 /* SVIndefiniteAnimatedView.m */ = {isa = PBXFileReference; fileEncoding = 4; lastKnownFileType = sourcecode.c.objc; path = SVIndefiniteAnimatedView.m; sourceTree = "<group>"; };
		869C5FA01DA7096A00C0F293 /* SVProgressAnimatedView.h */ = {isa = PBXFileReference; fileEncoding = 4; lastKnownFileType = sourcecode.c.h; path = SVProgressAnimatedView.h; sourceTree = "<group>"; };
		869C5FA11DA7096A00C0F293 /* SVProgressAnimatedView.m */ = {isa = PBXFileReference; fileEncoding = 4; lastKnownFileType = sourcecode.c.objc; path = SVProgressAnimatedView.m; sourceTree = "<group>"; };
		869C5FA21DA7096A00C0F293 /* SVProgressHUD.bundle */ = {isa = PBXFileReference; lastKnownFileType = "wrapper.plug-in"; path = SVProgressHUD.bundle; sourceTree = "<group>"; };
		869C5FA31DA7096A00C0F293 /* SVProgressHUD.h */ = {isa = PBXFileReference; fileEncoding = 4; lastKnownFileType = sourcecode.c.h; path = SVProgressHUD.h; sourceTree = "<group>"; };
		869C5FA41DA7096A00C0F293 /* SVProgressHUD.m */ = {isa = PBXFileReference; fileEncoding = 4; lastKnownFileType = sourcecode.c.objc; path = SVProgressHUD.m; sourceTree = "<group>"; };
		869C5FA51DA7096A00C0F293 /* SVRadialGradientLayer.h */ = {isa = PBXFileReference; fileEncoding = 4; lastKnownFileType = sourcecode.c.h; path = SVRadialGradientLayer.h; sourceTree = "<group>"; };
		869C5FA61DA7096A00C0F293 /* SVRadialGradientLayer.m */ = {isa = PBXFileReference; fileEncoding = 4; lastKnownFileType = sourcecode.c.objc; path = SVRadialGradientLayer.m; sourceTree = "<group>"; };
		869C5FB61DA72C1200C0F293 /* MapViewController.h */ = {isa = PBXFileReference; fileEncoding = 4; lastKnownFileType = sourcecode.c.h; path = MapViewController.h; sourceTree = "<group>"; };
		869C5FB71DA72C1200C0F293 /* MapViewController.m */ = {isa = PBXFileReference; fileEncoding = 4; lastKnownFileType = sourcecode.c.objc; path = MapViewController.m; sourceTree = "<group>"; };
		869C5FB91DA72EE900C0F293 /* MapKit.framework */ = {isa = PBXFileReference; lastKnownFileType = wrapper.framework; name = MapKit.framework; path = System/Library/Frameworks/MapKit.framework; sourceTree = SDKROOT; };
		86EFAA091DA73301004DD3C3 /* CoreLocation.framework */ = {isa = PBXFileReference; lastKnownFileType = wrapper.framework; name = CoreLocation.framework; path = System/Library/Frameworks/CoreLocation.framework; sourceTree = SDKROOT; };
		86EFAA181DA74C78004DD3C3 /* CoreDataHandler.h */ = {isa = PBXFileReference; fileEncoding = 4; lastKnownFileType = sourcecode.c.h; path = CoreDataHandler.h; sourceTree = "<group>"; };
		86EFAA191DA74C78004DD3C3 /* CoreDataHandler.m */ = {isa = PBXFileReference; fileEncoding = 4; lastKnownFileType = sourcecode.c.objc; path = CoreDataHandler.m; sourceTree = "<group>"; };
		86EFAA1B1DA76A2A004DD3C3 /* clock.png */ = {isa = PBXFileReference; lastKnownFileType = image.png; path = clock.png; sourceTree = "<group>"; };
		86EFAA1C1DA76A2A004DD3C3 /* clock@2x.png */ = {isa = PBXFileReference; lastKnownFileType = image.png; path = "clock@2x.png"; sourceTree = "<group>"; };
		86EFAA1D1DA76A2A004DD3C3 /* done.png */ = {isa = PBXFileReference; lastKnownFileType = image.png; path = done.png; sourceTree = "<group>"; };
		86EFAA1E1DA76A2A004DD3C3 /* done@2x.png */ = {isa = PBXFileReference; lastKnownFileType = image.png; path = "done@2x.png"; sourceTree = "<group>"; };
		86EFAA211DA76A2A004DD3C3 /* pointer.png */ = {isa = PBXFileReference; lastKnownFileType = image.png; path = pointer.png; sourceTree = "<group>"; };
		86EFAA221DA76A2A004DD3C3 /* pointer@2x.png */ = {isa = PBXFileReference; lastKnownFileType = image.png; path = "pointer@2x.png"; sourceTree = "<group>"; };
		86EFAA2B1DA76A80004DD3C3 /* TimelineTableViewCell.h */ = {isa = PBXFileReference; fileEncoding = 4; lastKnownFileType = sourcecode.c.h; path = TimelineTableViewCell.h; sourceTree = "<group>"; };
		86EFAA2C1DA76A80004DD3C3 /* TimelineTableViewCell.m */ = {isa = PBXFileReference; fileEncoding = 4; lastKnownFileType = sourcecode.c.objc; path = TimelineTableViewCell.m; sourceTree = "<group>"; };
		86EFAA2E1DA788D5004DD3C3 /* Task+CoreDataClass.h */ = {isa = PBXFileReference; fileEncoding = 4; lastKnownFileType = sourcecode.c.h; path = "Task+CoreDataClass.h"; sourceTree = "<group>"; };
		86EFAA2F1DA788D5004DD3C3 /* Task+CoreDataClass.m */ = {isa = PBXFileReference; fileEncoding = 4; lastKnownFileType = sourcecode.c.objc; path = "Task+CoreDataClass.m"; sourceTree = "<group>"; };
		86EFAA301DA788D5004DD3C3 /* Task+CoreDataProperties.h */ = {isa = PBXFileReference; fileEncoding = 4; lastKnownFileType = sourcecode.c.h; path = "Task+CoreDataProperties.h"; sourceTree = "<group>"; };
		86EFAA311DA788D5004DD3C3 /* Task+CoreDataProperties.m */ = {isa = PBXFileReference; fileEncoding = 4; lastKnownFileType = sourcecode.c.objc; path = "Task+CoreDataProperties.m"; sourceTree = "<group>"; };
		86EFAA341DA7915C004DD3C3 /* logout.png */ = {isa = PBXFileReference; lastKnownFileType = image.png; path = logout.png; sourceTree = "<group>"; };
		86EFAA361DA79160004DD3C3 /* logout@2x.png */ = {isa = PBXFileReference; lastKnownFileType = image.png; path = "logout@2x.png"; sourceTree = "<group>"; };
/* End PBXFileReference section */

/* Begin PBXFrameworksBuildPhase section */
		869C5EF91DA68CC400C0F293 /* Frameworks */ = {
			isa = PBXFrameworksBuildPhase;
			buildActionMask = 2147483647;
			files = (
				86EFAA0A1DA73301004DD3C3 /* CoreLocation.framework in Frameworks */,
				8699172C1DA8FB6F0093750F /* Material.framework in Frameworks */,
				869C5FBA1DA72EE900C0F293 /* MapKit.framework in Frameworks */,
				869C5F3A1DA690FA00C0F293 /* QuartzCore.framework in Frameworks */,
			);
			runOnlyForDeploymentPostprocessing = 0;
		};
		869C5F151DA68CC400C0F293 /* Frameworks */ = {
			isa = PBXFrameworksBuildPhase;
			buildActionMask = 2147483647;
			files = (
			);
			runOnlyForDeploymentPostprocessing = 0;
		};
		869C5F201DA68CC400C0F293 /* Frameworks */ = {
			isa = PBXFrameworksBuildPhase;
			buildActionMask = 2147483647;
			files = (
			);
			runOnlyForDeploymentPostprocessing = 0;
		};
/* End PBXFrameworksBuildPhase section */

/* Begin PBXGroup section */
		8699171C1DA8FB570093750F /* Products */ = {
			isa = PBXGroup;
			children = (
				869917231DA8FB570093750F /* Material.framework */,
				869917251DA8FB570093750F /* Material.framework */,
				869917271DA8FB570093750F /* Material.xctest */,
				869917291DA8FB570093750F /* Material macOS Tests.xctest */,
			);
			name = Products;
			sourceTree = "<group>";
		};
		869C5EF31DA68CC300C0F293 = {
			isa = PBXGroup;
			children = (
				8699171B1DA8FB570093750F /* Material.xcodeproj */,
				86EFAA2E1DA788D5004DD3C3 /* Task+CoreDataClass.h */,
				86EFAA2F1DA788D5004DD3C3 /* Task+CoreDataClass.m */,
				86EFAA301DA788D5004DD3C3 /* Task+CoreDataProperties.h */,
				86EFAA311DA788D5004DD3C3 /* Task+CoreDataProperties.m */,
				869C5EFE1DA68CC400C0F293 /* Sydra */,
				869C5F1B1DA68CC400C0F293 /* SydraTests */,
				869C5F261DA68CC400C0F293 /* SydraUITests */,
				869C5EFD1DA68CC400C0F293 /* Products */,
				869C5F381DA690FA00C0F293 /* Frameworks */,
			);
			sourceTree = "<group>";
		};
		869C5EFD1DA68CC400C0F293 /* Products */ = {
			isa = PBXGroup;
			children = (
				869C5EFC1DA68CC400C0F293 /* Sydra.app */,
				869C5F181DA68CC400C0F293 /* SydraTests.xctest */,
				869C5F231DA68CC400C0F293 /* SydraUITests.xctest */,
			);
			name = Products;
			sourceTree = "<group>";
		};
		869C5EFE1DA68CC400C0F293 /* Sydra */ = {
			isa = PBXGroup;
			children = (
				86EFAA0B1DA74B3C004DD3C3 /* CoreDataHandler */,
				869C5FB51DA72BF800C0F293 /* MapViewController */,
				869C5F941DA6DFBE00C0F293 /* NewTaskViewController */,
				869C5F821DA6C8F000C0F293 /* TimelineViewController */,
				869C5F431DA6AB4D00C0F293 /* Images */,
				869C5F3F1DA69E9200C0F293 /* Commons */,
				869C5F3B1DA69CE300C0F293 /* SignUpController */,
				869C5F021DA68CC400C0F293 /* AppDelegate.h */,
				869C5F031DA68CC400C0F293 /* AppDelegate.m */,
				869C5F051DA68CC400C0F293 /* ViewController.h */,
				869C5F061DA68CC400C0F293 /* ViewController.m */,
				869C5F351DA68EAE00C0F293 /* LoginTableViewCell.h */,
				869C5F361DA68EAE00C0F293 /* LoginTableViewCell.m */,
				869C5F081DA68CC400C0F293 /* Main.storyboard */,
				869C5F0E1DA68CC400C0F293 /* Assets.xcassets */,
				869C5F101DA68CC400C0F293 /* LaunchScreen.storyboard */,
				869C5F131DA68CC400C0F293 /* Info.plist */,
				869C5F0B1DA68CC400C0F293 /* Sydra.xcdatamodeld */,
				869C5EFF1DA68CC400C0F293 /* Supporting Files */,
				869917321DA900120093750F /* Sydra-Bridging-Header.h */,
			);
			path = Sydra;
			sourceTree = "<group>";
		};
		869C5EFF1DA68CC400C0F293 /* Supporting Files */ = {
			isa = PBXGroup;
			children = (
				869C5F001DA68CC400C0F293 /* main.m */,
			);
			name = "Supporting Files";
			sourceTree = "<group>";
		};
		869C5F1B1DA68CC400C0F293 /* SydraTests */ = {
			isa = PBXGroup;
			children = (
				869C5F1C1DA68CC400C0F293 /* SydraTests.m */,
				869C5F1E1DA68CC400C0F293 /* Info.plist */,
			);
			path = SydraTests;
			sourceTree = "<group>";
		};
		869C5F261DA68CC400C0F293 /* SydraUITests */ = {
			isa = PBXGroup;
			children = (
				869C5F271DA68CC400C0F293 /* SydraUITests.m */,
				869C5F291DA68CC400C0F293 /* Info.plist */,
			);
			path = SydraUITests;
			sourceTree = "<group>";
		};
		869C5F381DA690FA00C0F293 /* Frameworks */ = {
			isa = PBXGroup;
			children = (
				86EFAA091DA73301004DD3C3 /* CoreLocation.framework */,
				869C5FB91DA72EE900C0F293 /* MapKit.framework */,
				869C5F391DA690FA00C0F293 /* QuartzCore.framework */,
				869917B81DAB5C710093750F /* IntentsUI.framework */,
			);
			name = Frameworks;
			sourceTree = "<group>";
		};
		869C5F3B1DA69CE300C0F293 /* SignUpController */ = {
			isa = PBXGroup;
			children = (
				869C5F3C1DA69CFE00C0F293 /* SignUpController.h */,
				869C5F3D1DA69CFE00C0F293 /* SignUpController.m */,
			);
			name = SignUpController;
			sourceTree = "<group>";
		};
		869C5F3F1DA69E9200C0F293 /* Commons */ = {
			isa = PBXGroup;
			children = (
				869C5F9D1DA7093200C0F293 /* HUD */,
				869C5F511DA6C82B00C0F293 /* FSCalendar */,
				869C5F401DA6A06500C0F293 /* TealButton.h */,
				869C5F411DA6A06500C0F293 /* TealButton.m */,
				8699173F1DA90F720093750F /* NSString+Validations.h */,
				869917401DA90F720093750F /* NSString+Validations.m */,
				8699177A1DA9528A0093750F /* UITextField+Shake.h */,
				8699177B1DA9528A0093750F /* UITextField+Shake.m */,
			);
			name = Commons;
			sourceTree = "<group>";
		};
		869C5F431DA6AB4D00C0F293 /* Images */ = {
			isa = PBXGroup;
			children = (
				869918191DAD4A060093750F /* notify.m4r */,
				869917911DAA3BAF0093750F /* delete.png */,
				869917921DAA3BAF0093750F /* delete@2x.png */,
				869917931DAA3BAF0093750F /* edit.png */,
				869917941DAA3BAF0093750F /* edit@2x.png */,
				869917951DAA3BAF0093750F /* send.png */,
				869917961DAA3BAF0093750F /* send@2x.png */,
				8699178D1DAA297B0093750F /* done_white@2x.png */,
				869917891DAA29700093750F /* done_white.png */,
				86EFAA361DA79160004DD3C3 /* logout@2x.png */,
				86EFAA341DA7915C004DD3C3 /* logout.png */,
				86EFAA1B1DA76A2A004DD3C3 /* clock.png */,
				86EFAA1C1DA76A2A004DD3C3 /* clock@2x.png */,
				86EFAA1D1DA76A2A004DD3C3 /* done.png */,
				86EFAA1E1DA76A2A004DD3C3 /* done@2x.png */,
				86EFAA211DA76A2A004DD3C3 /* pointer.png */,
				86EFAA221DA76A2A004DD3C3 /* pointer@2x.png */,
				869C5F8C1DA6D9CA00C0F293 /* plus.png */,
				869C5F8E1DA6D9CE00C0F293 /* plus@2x.png */,
				869C5F901DA6D9D400C0F293 /* menu.png */,
				869C5F921DA6D9D900C0F293 /* menu@2x.png */,
				869C5F8A1DA6D4FC00C0F293 /* more.png */,
				869C5F881DA6D4F500C0F293 /* more@2x.png */,
				869C5F4D1DA6C05C00C0F293 /* close@2x.png */,
				869C5F4F1DA6C06000C0F293 /* close.png */,
				869C5F461DA6AB6200C0F293 /* sydra_logo@2x.png */,
				869C5F441DA6AB5800C0F293 /* sydra_logo.png */,
				869917441DA9128A0093750F /* SydraTests-Bridging-Header.h */,
				869917451DA9128A0093750F /* SydraUITests-Bridging-Header.h */,
			);
			name = Images;
			sourceTree = "<group>";
		};
		869C5F511DA6C82B00C0F293 /* FSCalendar */ = {
			isa = PBXGroup;
			children = (
				869C5F521DA6C83B00C0F293 /* FSCalendar.h */,
				869C5F531DA6C83B00C0F293 /* FSCalendar.m */,
				869C5F541DA6C83B00C0F293 /* FSCalendarAppearance.h */,
				869C5F551DA6C83B00C0F293 /* FSCalendarAppearance.m */,
				869C5F561DA6C83B00C0F293 /* FSCalendarConstance.h */,
				869C5F571DA6C83B00C0F293 /* FSCalendarConstance.m */,
				869C5F581DA6C83B00C0F293 /* FSCalendarScopeHandle.h */,
				869C5F591DA6C83B00C0F293 /* FSCalendarScopeHandle.m */,
				869C5F5A1DA6C83B00C0F293 /* FSCalendarCell.h */,
				869C5F5B1DA6C83B00C0F293 /* FSCalendarCell.m */,
				869C5F5C1DA6C83B00C0F293 /* FSCalendarEventIndicator.h */,
				869C5F5D1DA6C83B00C0F293 /* FSCalendarEventIndicator.m */,
				869C5F5E1DA6C83B00C0F293 /* FSCalendarCollectionView.h */,
				869C5F5F1DA6C83B00C0F293 /* FSCalendarCollectionView.m */,
				869C5F601DA6C83B00C0F293 /* FSCalendarHeader.h */,
				869C5F611DA6C83B00C0F293 /* FSCalendarHeader.m */,
				869C5F621DA6C83B00C0F293 /* FSCalendarStickyHeader.h */,
				869C5F631DA6C83B00C0F293 /* FSCalendarStickyHeader.m */,
				869C5F641DA6C83B00C0F293 /* FSCalendarFlowLayout.h */,
				869C5F651DA6C83B00C0F293 /* FSCalendarFlowLayout.m */,
				869C5F661DA6C83B00C0F293 /* FSCalendarAnimator.h */,
				869C5F671DA6C83B00C0F293 /* FSCalendarAnimator.m */,
				869C5F681DA6C83B00C0F293 /* FSCalendarDynamicHeader.h */,
				869C5F691DA6C83B00C0F293 /* UIView+FSExtension.h */,
				869C5F6A1DA6C83B00C0F293 /* UIView+FSExtension.m */,
				869C5F6B1DA6C83B00C0F293 /* CALayer+FSExtension.h */,
				869C5F6C1DA6C83B00C0F293 /* CALayer+FSExtension.m */,
				869C5F6D1DA6C83B00C0F293 /* NSObject+FSExtension.h */,
				869C5F6E1DA6C83B00C0F293 /* NSObject+FSExtension.m */,
				869C5F6F1DA6C83B00C0F293 /* FSCalendar+IBExtension.h */,
				869C5F701DA6C83B00C0F293 /* FSCalendar+IBExtension.m */,
				869C5F711DA6C83B00C0F293 /* FSCalendar+Deprecated.m */,
			);
			name = FSCalendar;
			sourceTree = "<group>";
		};
		869C5F821DA6C8F000C0F293 /* TimelineViewController */ = {
			isa = PBXGroup;
			children = (
				8699177F1DAA239E0093750F /* MGSwipeButton.h */,
				869917801DAA239E0093750F /* MGSwipeButton.m */,
				869917811DAA239E0093750F /* MGSwipeTableCell.h */,
				869917821DAA239E0093750F /* MGSwipeTableCell.m */,
				869C5F831DA6C91000C0F293 /* TimelineViewController.h */,
				869C5F841DA6C91000C0F293 /* TimelineViewController.m */,
				86EFAA2B1DA76A80004DD3C3 /* TimelineTableViewCell.h */,
				86EFAA2C1DA76A80004DD3C3 /* TimelineTableViewCell.m */,
			);
			name = TimelineViewController;
			sourceTree = "<group>";
		};
		869C5F941DA6DFBE00C0F293 /* NewTaskViewController */ = {
			isa = PBXGroup;
			children = (
				869C5F951DA6DFF800C0F293 /* NewTaskViewController.h */,
				869C5F961DA6DFF800C0F293 /* NewTaskViewController.m */,
				869C5F981DA6E08800C0F293 /* NewTaskTableViewCell.h */,
				869C5F991DA6E08800C0F293 /* NewTaskTableViewCell.m */,
				869C5F9B1DA6E45F00C0F293 /* ColorList.plist */,
			);
			name = NewTaskViewController;
			sourceTree = "<group>";
		};
		869C5F9D1DA7093200C0F293 /* HUD */ = {
			isa = PBXGroup;
			children = (
				869C5F9E1DA7096A00C0F293 /* SVIndefiniteAnimatedView.h */,
				869C5F9F1DA7096A00C0F293 /* SVIndefiniteAnimatedView.m */,
				869C5FA01DA7096A00C0F293 /* SVProgressAnimatedView.h */,
				869C5FA11DA7096A00C0F293 /* SVProgressAnimatedView.m */,
				869C5FA21DA7096A00C0F293 /* SVProgressHUD.bundle */,
				869C5FA31DA7096A00C0F293 /* SVProgressHUD.h */,
				869C5FA41DA7096A00C0F293 /* SVProgressHUD.m */,
				869C5FA51DA7096A00C0F293 /* SVRadialGradientLayer.h */,
				869C5FA61DA7096A00C0F293 /* SVRadialGradientLayer.m */,
			);
			name = HUD;
			sourceTree = "<group>";
		};
		869C5FB51DA72BF800C0F293 /* MapViewController */ = {
			isa = PBXGroup;
			children = (
				869C5FB61DA72C1200C0F293 /* MapViewController.h */,
				869C5FB71DA72C1200C0F293 /* MapViewController.m */,
			);
			name = MapViewController;
			sourceTree = "<group>";
		};
		86EFAA0B1DA74B3C004DD3C3 /* CoreDataHandler */ = {
			isa = PBXGroup;
			children = (
				86EFAA181DA74C78004DD3C3 /* CoreDataHandler.h */,
				86EFAA191DA74C78004DD3C3 /* CoreDataHandler.m */,
			);
			name = CoreDataHandler;
			sourceTree = "<group>";
		};
/* End PBXGroup section */

/* Begin PBXNativeTarget section */
		869C5EFB1DA68CC400C0F293 /* Sydra */ = {
			isa = PBXNativeTarget;
			buildConfigurationList = 869C5F2C1DA68CC400C0F293 /* Build configuration list for PBXNativeTarget "Sydra" */;
			buildPhases = (
				869C5EF81DA68CC400C0F293 /* Sources */,
				869C5EF91DA68CC400C0F293 /* Frameworks */,
				869C5EFA1DA68CC400C0F293 /* Resources */,
				869917301DA8FB700093750F /* Embed Frameworks */,
				869917C41DAB5C710093750F /* Embed App Extensions */,
			);
			buildRules = (
			);
			dependencies = (
				8699172B1DA8FB630093750F /* PBXTargetDependency */,
				8699172F1DA8FB6F0093750F /* PBXTargetDependency */,
			);
			name = Sydra;
			productName = Sydra;
			productReference = 869C5EFC1DA68CC400C0F293 /* Sydra.app */;
			productType = "com.apple.product-type.application";
		};
		869C5F171DA68CC400C0F293 /* SydraTests */ = {
			isa = PBXNativeTarget;
			buildConfigurationList = 869C5F2F1DA68CC400C0F293 /* Build configuration list for PBXNativeTarget "SydraTests" */;
			buildPhases = (
				869C5F141DA68CC400C0F293 /* Sources */,
				869C5F151DA68CC400C0F293 /* Frameworks */,
				869C5F161DA68CC400C0F293 /* Resources */,
			);
			buildRules = (
			);
			dependencies = (
				869C5F1A1DA68CC400C0F293 /* PBXTargetDependency */,
			);
			name = SydraTests;
			productName = SydraTests;
			productReference = 869C5F181DA68CC400C0F293 /* SydraTests.xctest */;
			productType = "com.apple.product-type.bundle.unit-test";
		};
		869C5F221DA68CC400C0F293 /* SydraUITests */ = {
			isa = PBXNativeTarget;
			buildConfigurationList = 869C5F321DA68CC400C0F293 /* Build configuration list for PBXNativeTarget "SydraUITests" */;
			buildPhases = (
				869C5F1F1DA68CC400C0F293 /* Sources */,
				869C5F201DA68CC400C0F293 /* Frameworks */,
				869C5F211DA68CC400C0F293 /* Resources */,
			);
			buildRules = (
			);
			dependencies = (
				869C5F251DA68CC400C0F293 /* PBXTargetDependency */,
			);
			name = SydraUITests;
			productName = SydraUITests;
			productReference = 869C5F231DA68CC400C0F293 /* SydraUITests.xctest */;
			productType = "com.apple.product-type.bundle.ui-testing";
		};
/* End PBXNativeTarget section */

/* Begin PBXProject section */
		869C5EF41DA68CC300C0F293 /* Project object */ = {
			isa = PBXProject;
			attributes = {
				LastUpgradeCheck = 0800;
				ORGANIZATIONNAME = "Ishan Alone";
				TargetAttributes = {
					869C5EFB1DA68CC400C0F293 = {
						CreatedOnToolsVersion = 8.0;
						DevelopmentTeam = WMTAELZ7FB;
						LastSwiftMigration = 0800;
						ProvisioningStyle = Automatic;
						SystemCapabilities = {
							com.apple.BackgroundModes = {
								enabled = 1;
							};
						};
					};
					869C5F171DA68CC400C0F293 = {
						CreatedOnToolsVersion = 8.0;
						DevelopmentTeam = WMTAELZ7FB;
						LastSwiftMigration = 0800;
						ProvisioningStyle = Automatic;
						TestTargetID = 869C5EFB1DA68CC400C0F293;
					};
					869C5F221DA68CC400C0F293 = {
						CreatedOnToolsVersion = 8.0;
						DevelopmentTeam = WMTAELZ7FB;
						LastSwiftMigration = 0800;
						ProvisioningStyle = Automatic;
						TestTargetID = 869C5EFB1DA68CC400C0F293;
					};
				};
			};
			buildConfigurationList = 869C5EF71DA68CC300C0F293 /* Build configuration list for PBXProject "Sydra" */;
			compatibilityVersion = "Xcode 3.2";
			developmentRegion = English;
			hasScannedForEncodings = 0;
			knownRegions = (
				en,
				Base,
			);
			mainGroup = 869C5EF31DA68CC300C0F293;
			productRefGroup = 869C5EFD1DA68CC400C0F293 /* Products */;
			projectDirPath = "";
			projectReferences = (
				{
					ProductGroup = 8699171C1DA8FB570093750F /* Products */;
					ProjectRef = 8699171B1DA8FB570093750F /* Material.xcodeproj */;
				},
			);
			projectRoot = "";
			targets = (
				869C5EFB1DA68CC400C0F293 /* Sydra */,
				869C5F171DA68CC400C0F293 /* SydraTests */,
				869C5F221DA68CC400C0F293 /* SydraUITests */,
			);
		};
/* End PBXProject section */

/* Begin PBXReferenceProxy section */
		869917231DA8FB570093750F /* Material.framework */ = {
			isa = PBXReferenceProxy;
			fileType = wrapper.framework;
			path = Material.framework;
			remoteRef = 869917221DA8FB570093750F /* PBXContainerItemProxy */;
			sourceTree = BUILT_PRODUCTS_DIR;
		};
		869917251DA8FB570093750F /* Material.framework */ = {
			isa = PBXReferenceProxy;
			fileType = wrapper.framework;
			path = Material.framework;
			remoteRef = 869917241DA8FB570093750F /* PBXContainerItemProxy */;
			sourceTree = BUILT_PRODUCTS_DIR;
		};
		869917271DA8FB570093750F /* Material.xctest */ = {
			isa = PBXReferenceProxy;
			fileType = wrapper.cfbundle;
			path = Material.xctest;
			remoteRef = 869917261DA8FB570093750F /* PBXContainerItemProxy */;
			sourceTree = BUILT_PRODUCTS_DIR;
		};
		869917291DA8FB570093750F /* Material macOS Tests.xctest */ = {
			isa = PBXReferenceProxy;
			fileType = wrapper.cfbundle;
			path = "Material macOS Tests.xctest";
			remoteRef = 869917281DA8FB570093750F /* PBXContainerItemProxy */;
			sourceTree = BUILT_PRODUCTS_DIR;
		};
/* End PBXReferenceProxy section */

/* Begin PBXResourcesBuildPhase section */
		869C5EFA1DA68CC400C0F293 /* Resources */ = {
			isa = PBXResourcesBuildPhase;
			buildActionMask = 2147483647;
			files = (
				869C5F451DA6AB5800C0F293 /* sydra_logo.png in Resources */,
				869C5F8D1DA6D9CA00C0F293 /* plus.png in Resources */,
				869C5F931DA6D9D900C0F293 /* menu@2x.png in Resources */,
				869917A01DAA3BAF0093750F /* edit@2x.png in Resources */,
				8699181A1DAD4A060093750F /* notify.m4r in Resources */,
				869C5F471DA6AB6200C0F293 /* sydra_logo@2x.png in Resources */,
				869C5F8B1DA6D4FC00C0F293 /* more.png in Resources */,
				869C5F121DA68CC400C0F293 /* LaunchScreen.storyboard in Resources */,
				869917971DAA3BAF0093750F /* delete.png in Resources */,
				86EFAA261DA76A2A004DD3C3 /* done@2x.png in Resources */,
				869C5F891DA6D4F500C0F293 /* more@2x.png in Resources */,
				869C5F4E1DA6C05C00C0F293 /* close@2x.png in Resources */,
				869917A31DAA3BAF0093750F /* send.png in Resources */,
				8699179A1DAA3BAF0093750F /* delete@2x.png in Resources */,
				86EFAA231DA76A2A004DD3C3 /* clock.png in Resources */,
				8699178E1DAA297B0093750F /* done_white@2x.png in Resources */,
				869C5F9C1DA6E45F00C0F293 /* ColorList.plist in Resources */,
				869C5F501DA6C06000C0F293 /* close.png in Resources */,
				86EFAA251DA76A2A004DD3C3 /* done.png in Resources */,
				86EFAA291DA76A2A004DD3C3 /* pointer.png in Resources */,
				869C5FA91DA7096A00C0F293 /* SVProgressHUD.bundle in Resources */,
				8699178A1DAA29700093750F /* done_white.png in Resources */,
				869917A61DAA3BAF0093750F /* send@2x.png in Resources */,
				869C5F911DA6D9D400C0F293 /* menu.png in Resources */,
				869C5F0F1DA68CC400C0F293 /* Assets.xcassets in Resources */,
				8699179D1DAA3BAF0093750F /* edit.png in Resources */,
				869C5F8F1DA6D9CE00C0F293 /* plus@2x.png in Resources */,
				86EFAA371DA79160004DD3C3 /* logout@2x.png in Resources */,
				86EFAA241DA76A2A004DD3C3 /* clock@2x.png in Resources */,
				869C5F0A1DA68CC400C0F293 /* Main.storyboard in Resources */,
				86EFAA2A1DA76A2A004DD3C3 /* pointer@2x.png in Resources */,
				86EFAA351DA7915C004DD3C3 /* logout.png in Resources */,
			);
			runOnlyForDeploymentPostprocessing = 0;
		};
		869C5F161DA68CC400C0F293 /* Resources */ = {
			isa = PBXResourcesBuildPhase;
			buildActionMask = 2147483647;
			files = (
				869916E21DA8F64D0093750F /* ColorList.plist in Resources */,
				869917081DA8F6730093750F /* LaunchScreen.storyboard in Resources */,
				8699179E1DAA3BAF0093750F /* edit.png in Resources */,
				869917A41DAA3BAF0093750F /* send.png in Resources */,
				8699178F1DAA297B0093750F /* done_white@2x.png in Resources */,
				869917061DA8F6700093750F /* Assets.xcassets in Resources */,
				869917A71DAA3BAF0093750F /* send@2x.png in Resources */,
				869917981DAA3BAF0093750F /* delete.png in Resources */,
				8699181B1DAD4A060093750F /* notify.m4r in Resources */,
				8699179B1DAA3BAF0093750F /* delete@2x.png in Resources */,
				8699178B1DAA29700093750F /* done_white.png in Resources */,
				869917A11DAA3BAF0093750F /* edit@2x.png in Resources */,
				869917041DA8F66D0093750F /* Main.storyboard in Resources */,
			);
			runOnlyForDeploymentPostprocessing = 0;
		};
		869C5F211DA68CC400C0F293 /* Resources */ = {
			isa = PBXResourcesBuildPhase;
			buildActionMask = 2147483647;
			files = (
				869916F41DA8F64D0093750F /* ColorList.plist in Resources */,
				869917091DA8F6730093750F /* LaunchScreen.storyboard in Resources */,
				8699179F1DAA3BAF0093750F /* edit.png in Resources */,
				869917A51DAA3BAF0093750F /* send.png in Resources */,
				869917901DAA297B0093750F /* done_white@2x.png in Resources */,
				869917071DA8F6700093750F /* Assets.xcassets in Resources */,
				869917A81DAA3BAF0093750F /* send@2x.png in Resources */,
				869917991DAA3BAF0093750F /* delete.png in Resources */,
				8699181C1DAD4A060093750F /* notify.m4r in Resources */,
				8699179C1DAA3BAF0093750F /* delete@2x.png in Resources */,
				8699178C1DAA29700093750F /* done_white.png in Resources */,
				869917A21DAA3BAF0093750F /* edit@2x.png in Resources */,
				869917051DA8F66D0093750F /* Main.storyboard in Resources */,
			);
			runOnlyForDeploymentPostprocessing = 0;
		};
/* End PBXResourcesBuildPhase section */

/* Begin PBXSourcesBuildPhase section */
		869C5EF81DA68CC400C0F293 /* Sources */ = {
			isa = PBXSourcesBuildPhase;
			buildActionMask = 2147483647;
			files = (
				869917411DA90F720093750F /* NSString+Validations.m in Sources */,
				869C5F421DA6A06500C0F293 /* TealButton.m in Sources */,
				869C5F781DA6C83B00C0F293 /* FSCalendarCollectionView.m in Sources */,
				869C5F071DA68CC400C0F293 /* ViewController.m in Sources */,
				8699177C1DA9528A0093750F /* UITextField+Shake.m in Sources */,
				869C5FA81DA7096A00C0F293 /* SVProgressAnimatedView.m in Sources */,
				869C5F721DA6C83B00C0F293 /* FSCalendar.m in Sources */,
				869C5F731DA6C83B00C0F293 /* FSCalendarAppearance.m in Sources */,
				869C5F0D1DA68CC400C0F293 /* Sydra.xcdatamodeld in Sources */,
				869C5F7A1DA6C83B00C0F293 /* FSCalendarStickyHeader.m in Sources */,
				869C5F971DA6DFF800C0F293 /* NewTaskViewController.m in Sources */,
				86EFAA321DA788D5004DD3C3 /* Task+CoreDataClass.m in Sources */,
				869C5FAA1DA7096A00C0F293 /* SVProgressHUD.m in Sources */,
				869C5F751DA6C83B00C0F293 /* FSCalendarScopeHandle.m in Sources */,
				869C5F7F1DA6C83B00C0F293 /* NSObject+FSExtension.m in Sources */,
				869C5F7B1DA6C83B00C0F293 /* FSCalendarFlowLayout.m in Sources */,
				869C5F7C1DA6C83B00C0F293 /* FSCalendarAnimator.m in Sources */,
				869C5F7E1DA6C83B00C0F293 /* CALayer+FSExtension.m in Sources */,
				869C5F791DA6C83B00C0F293 /* FSCalendarHeader.m in Sources */,
				869C5F811DA6C83B00C0F293 /* FSCalendar+Deprecated.m in Sources */,
				8699170C1DA8F6810093750F /* main.m in Sources */,
				869C5F801DA6C83B00C0F293 /* FSCalendar+IBExtension.m in Sources */,
				869C5F761DA6C83B00C0F293 /* FSCalendarCell.m in Sources */,
				869C5FB81DA72C1200C0F293 /* MapViewController.m in Sources */,
				869C5FAB1DA7096A00C0F293 /* SVRadialGradientLayer.m in Sources */,
				86EFAA1A1DA74C78004DD3C3 /* CoreDataHandler.m in Sources */,
				869C5F741DA6C83B00C0F293 /* FSCalendarConstance.m in Sources */,
				869C5F851DA6C91000C0F293 /* TimelineViewController.m in Sources */,
				869917831DAA239E0093750F /* MGSwipeButton.m in Sources */,
				869C5F771DA6C83B00C0F293 /* FSCalendarEventIndicator.m in Sources */,
				86EFAA2D1DA76A80004DD3C3 /* TimelineTableViewCell.m in Sources */,
				869C5FA71DA7096A00C0F293 /* SVIndefiniteAnimatedView.m in Sources */,
				869C5F7D1DA6C83B00C0F293 /* UIView+FSExtension.m in Sources */,
				869C5F9A1DA6E08800C0F293 /* NewTaskTableViewCell.m in Sources */,
				869917861DAA239E0093750F /* MGSwipeTableCell.m in Sources */,
				869C5F041DA68CC400C0F293 /* AppDelegate.m in Sources */,
				86EFAA331DA788D5004DD3C3 /* Task+CoreDataProperties.m in Sources */,
				869C5F371DA68EAE00C0F293 /* LoginTableViewCell.m in Sources */,
				869C5F3E1DA69CFE00C0F293 /* SignUpController.m in Sources */,
			);
			runOnlyForDeploymentPostprocessing = 0;
		};
		869C5F141DA68CC400C0F293 /* Sources */ = {
			isa = PBXSourcesBuildPhase;
			buildActionMask = 2147483647;
			files = (
				869917421DA90F720093750F /* NSString+Validations.m in Sources */,
				869916DA1DA8F5F10093750F /* Task+CoreDataClass.m in Sources */,
				869917841DAA239E0093750F /* MGSwipeButton.m in Sources */,
				869916E31DA8F64D0093750F /* TimelineViewController.m in Sources */,
				869916ED1DA8F64D0093750F /* AppDelegate.m in Sources */,
				869916EC1DA8F64D0093750F /* SignUpController.m in Sources */,
				869917871DAA239E0093750F /* MGSwipeTableCell.m in Sources */,
				869916DE1DA8F64D0093750F /* CoreDataHandler.m in Sources */,
				869916E91DA8F64D0093750F /* SVProgressHUD.m in Sources */,
				869916EA1DA8F64D0093750F /* SVRadialGradientLayer.m in Sources */,
				869916E01DA8F64D0093750F /* NewTaskViewController.m in Sources */,
				869916EE1DA8F64D0093750F /* ViewController.m in Sources */,
				869916E41DA8F64D0093750F /* TimelineTableViewCell.m in Sources */,
				8699177D1DA9528A0093750F /* UITextField+Shake.m in Sources */,
				869916E81DA8F64D0093750F /* SVProgressAnimatedView.m in Sources */,
				869916EB1DA8F64D0093750F /* TealButton.m in Sources */,
				869916E11DA8F64D0093750F /* NewTaskTableViewCell.m in Sources */,
				869916DF1DA8F64D0093750F /* MapViewController.m in Sources */,
				869917021DA8F6540093750F /* Sydra.xcdatamodeld in Sources */,
				869C5F1D1DA68CC400C0F293 /* SydraTests.m in Sources */,
				869916DC1DA8F5F40093750F /* Task+CoreDataProperties.m in Sources */,
				869916E71DA8F64D0093750F /* SVIndefiniteAnimatedView.m in Sources */,
				869916EF1DA8F64D0093750F /* LoginTableViewCell.m in Sources */,
			);
			runOnlyForDeploymentPostprocessing = 0;
		};
		869C5F1F1DA68CC400C0F293 /* Sources */ = {
			isa = PBXSourcesBuildPhase;
			buildActionMask = 2147483647;
			files = (
				869917431DA90F720093750F /* NSString+Validations.m in Sources */,
				869916DB1DA8F5F20093750F /* Task+CoreDataClass.m in Sources */,
				869917851DAA239E0093750F /* MGSwipeButton.m in Sources */,
				869916F51DA8F64D0093750F /* TimelineViewController.m in Sources */,
				869916FF1DA8F64D0093750F /* AppDelegate.m in Sources */,
				869916FE1DA8F64D0093750F /* SignUpController.m in Sources */,
				869917881DAA239E0093750F /* MGSwipeTableCell.m in Sources */,
				869916F01DA8F64D0093750F /* CoreDataHandler.m in Sources */,
				869916FB1DA8F64D0093750F /* SVProgressHUD.m in Sources */,
				869916FC1DA8F64D0093750F /* SVRadialGradientLayer.m in Sources */,
				869916F21DA8F64D0093750F /* NewTaskViewController.m in Sources */,
				869917001DA8F64D0093750F /* ViewController.m in Sources */,
				869916F61DA8F64D0093750F /* TimelineTableViewCell.m in Sources */,
				8699177E1DA9528A0093750F /* UITextField+Shake.m in Sources */,
				869916FA1DA8F64D0093750F /* SVProgressAnimatedView.m in Sources */,
				869916FD1DA8F64D0093750F /* TealButton.m in Sources */,
				869916F31DA8F64D0093750F /* NewTaskTableViewCell.m in Sources */,
				869916F11DA8F64D0093750F /* MapViewController.m in Sources */,
				869917031DA8F6540093750F /* Sydra.xcdatamodeld in Sources */,
				869C5F281DA68CC400C0F293 /* SydraUITests.m in Sources */,
				869916DD1DA8F5F50093750F /* Task+CoreDataProperties.m in Sources */,
				869916F91DA8F64D0093750F /* SVIndefiniteAnimatedView.m in Sources */,
				869917011DA8F64D0093750F /* LoginTableViewCell.m in Sources */,
			);
			runOnlyForDeploymentPostprocessing = 0;
		};
/* End PBXSourcesBuildPhase section */

/* Begin PBXTargetDependency section */
		8699172B1DA8FB630093750F /* PBXTargetDependency */ = {
			isa = PBXTargetDependency;
			name = "Material iOS";
			targetProxy = 8699172A1DA8FB630093750F /* PBXContainerItemProxy */;
		};
		8699172F1DA8FB6F0093750F /* PBXTargetDependency */ = {
			isa = PBXTargetDependency;
			name = "Material iOS";
			targetProxy = 8699172E1DA8FB6F0093750F /* PBXContainerItemProxy */;
		};
		869C5F1A1DA68CC400C0F293 /* PBXTargetDependency */ = {
			isa = PBXTargetDependency;
			target = 869C5EFB1DA68CC400C0F293 /* Sydra */;
			targetProxy = 869C5F191DA68CC400C0F293 /* PBXContainerItemProxy */;
		};
		869C5F251DA68CC400C0F293 /* PBXTargetDependency */ = {
			isa = PBXTargetDependency;
			target = 869C5EFB1DA68CC400C0F293 /* Sydra */;
			targetProxy = 869C5F241DA68CC400C0F293 /* PBXContainerItemProxy */;
		};
/* End PBXTargetDependency section */

/* Begin PBXVariantGroup section */
		869C5F081DA68CC400C0F293 /* Main.storyboard */ = {
			isa = PBXVariantGroup;
			children = (
				869C5F091DA68CC400C0F293 /* Base */,
			);
			name = Main.storyboard;
			sourceTree = "<group>";
		};
		869C5F101DA68CC400C0F293 /* LaunchScreen.storyboard */ = {
			isa = PBXVariantGroup;
			children = (
				869C5F111DA68CC400C0F293 /* Base */,
			);
			name = LaunchScreen.storyboard;
			sourceTree = "<group>";
		};
/* End PBXVariantGroup section */

/* Begin XCBuildConfiguration section */
		869C5F2A1DA68CC400C0F293 /* Debug */ = {
			isa = XCBuildConfiguration;
			buildSettings = {
				ALWAYS_SEARCH_USER_PATHS = NO;
				CLANG_ANALYZER_NONNULL = YES;
				CLANG_CXX_LANGUAGE_STANDARD = "gnu++0x";
				CLANG_CXX_LIBRARY = "libc++";
				CLANG_ENABLE_MODULES = YES;
				CLANG_ENABLE_OBJC_ARC = YES;
				CLANG_WARN_BOOL_CONVERSION = YES;
				CLANG_WARN_CONSTANT_CONVERSION = YES;
				CLANG_WARN_DIRECT_OBJC_ISA_USAGE = YES_ERROR;
				CLANG_WARN_DOCUMENTATION_COMMENTS = YES;
				CLANG_WARN_EMPTY_BODY = YES;
				CLANG_WARN_ENUM_CONVERSION = YES;
				CLANG_WARN_INFINITE_RECURSION = YES;
				CLANG_WARN_INT_CONVERSION = YES;
				CLANG_WARN_OBJC_ROOT_CLASS = YES_ERROR;
				CLANG_WARN_SUSPICIOUS_MOVES = YES;
				CLANG_WARN_UNREACHABLE_CODE = YES;
				CLANG_WARN__DUPLICATE_METHOD_MATCH = YES;
				CODE_SIGN_IDENTITY = "iPhone Developer: Sagar Indurkar (VX9VK83B9E)";
				"CODE_SIGN_IDENTITY[sdk=iphoneos*]" = "iPhone Developer: Sagar Indurkar (VX9VK83B9E)";
				COPY_PHASE_STRIP = NO;
				DEBUG_INFORMATION_FORMAT = dwarf;
				DEVELOPMENT_TEAM = WMTAELZ7FB;
				ENABLE_STRICT_OBJC_MSGSEND = YES;
				ENABLE_TESTABILITY = YES;
				GCC_C_LANGUAGE_STANDARD = gnu99;
				GCC_DYNAMIC_NO_PIC = NO;
				GCC_NO_COMMON_BLOCKS = YES;
				GCC_OPTIMIZATION_LEVEL = 0;
				GCC_PREPROCESSOR_DEFINITIONS = (
					"DEBUG=1",
					"$(inherited)",
				);
				GCC_WARN_64_TO_32_BIT_CONVERSION = YES;
				GCC_WARN_ABOUT_RETURN_TYPE = YES_ERROR;
				GCC_WARN_UNDECLARED_SELECTOR = YES;
				GCC_WARN_UNINITIALIZED_AUTOS = YES_AGGRESSIVE;
				GCC_WARN_UNUSED_FUNCTION = YES;
				GCC_WARN_UNUSED_VARIABLE = YES;
				IPHONEOS_DEPLOYMENT_TARGET = 10.0;
				MTL_ENABLE_DEBUG_INFO = YES;
				ONLY_ACTIVE_ARCH = YES;
				SDKROOT = iphoneos;
				TARGETED_DEVICE_FAMILY = "1,2";
			};
			name = Debug;
		};
		869C5F2B1DA68CC400C0F293 /* Release */ = {
			isa = XCBuildConfiguration;
			buildSettings = {
				ALWAYS_SEARCH_USER_PATHS = NO;
				CLANG_ANALYZER_NONNULL = YES;
				CLANG_CXX_LANGUAGE_STANDARD = "gnu++0x";
				CLANG_CXX_LIBRARY = "libc++";
				CLANG_ENABLE_MODULES = YES;
				CLANG_ENABLE_OBJC_ARC = YES;
				CLANG_WARN_BOOL_CONVERSION = YES;
				CLANG_WARN_CONSTANT_CONVERSION = YES;
				CLANG_WARN_DIRECT_OBJC_ISA_USAGE = YES_ERROR;
				CLANG_WARN_DOCUMENTATION_COMMENTS = YES;
				CLANG_WARN_EMPTY_BODY = YES;
				CLANG_WARN_ENUM_CONVERSION = YES;
				CLANG_WARN_INFINITE_RECURSION = YES;
				CLANG_WARN_INT_CONVERSION = YES;
				CLANG_WARN_OBJC_ROOT_CLASS = YES_ERROR;
				CLANG_WARN_SUSPICIOUS_MOVES = YES;
				CLANG_WARN_UNREACHABLE_CODE = YES;
				CLANG_WARN__DUPLICATE_METHOD_MATCH = YES;
				CODE_SIGN_IDENTITY = "Mac Developer: Sagar Indurkar (VX9VK83B9E)";
				"CODE_SIGN_IDENTITY[sdk=iphoneos*]" = "Mac Developer: Sagar Indurkar (VX9VK83B9E)";
				COPY_PHASE_STRIP = NO;
				DEBUG_INFORMATION_FORMAT = "dwarf-with-dsym";
				DEVELOPMENT_TEAM = WMTAELZ7FB;
				ENABLE_NS_ASSERTIONS = NO;
				ENABLE_STRICT_OBJC_MSGSEND = YES;
				GCC_C_LANGUAGE_STANDARD = gnu99;
				GCC_NO_COMMON_BLOCKS = YES;
				GCC_WARN_64_TO_32_BIT_CONVERSION = YES;
				GCC_WARN_ABOUT_RETURN_TYPE = YES_ERROR;
				GCC_WARN_UNDECLARED_SELECTOR = YES;
				GCC_WARN_UNINITIALIZED_AUTOS = YES_AGGRESSIVE;
				GCC_WARN_UNUSED_FUNCTION = YES;
				GCC_WARN_UNUSED_VARIABLE = YES;
				IPHONEOS_DEPLOYMENT_TARGET = 10.0;
				MTL_ENABLE_DEBUG_INFO = NO;
				SDKROOT = iphoneos;
				TARGETED_DEVICE_FAMILY = "1,2";
				VALIDATE_PRODUCT = YES;
			};
			name = Release;
		};
		869C5F2D1DA68CC400C0F293 /* Debug */ = {
			isa = XCBuildConfiguration;
			buildSettings = {
				ALWAYS_EMBED_SWIFT_STANDARD_LIBRARIES = YES;
				ASSETCATALOG_COMPILER_APPICON_NAME = AppIcon;
				CLANG_ENABLE_MODULES = YES;
				CODE_SIGN_IDENTITY = "";
				"CODE_SIGN_IDENTITY[sdk=iphoneos*]" = "iPhone Developer";
				DEVELOPMENT_TEAM = "";
				INFOPLIST_FILE = Sydra/Info.plist;
				IPHONEOS_DEPLOYMENT_TARGET = 8.0;
				LD_RUNPATH_SEARCH_PATHS = "$(inherited) @executable_path/Frameworks";
				PRODUCT_BUNDLE_IDENTIFIER = com.mangospring.test;
				PRODUCT_NAME = "$(TARGET_NAME)";
				PROVISIONING_PROFILE = "";
				PROVISIONING_PROFILE_SPECIFIER = "";
				SWIFT_OBJC_BRIDGING_HEADER = "Sydra/Sydra-Bridging-Header.h";
				SWIFT_OPTIMIZATION_LEVEL = "-Onone";
				SWIFT_VERSION = 3.0;
				TARGETED_DEVICE_FAMILY = "1,2";
			};
			name = Debug;
		};
		869C5F2E1DA68CC400C0F293 /* Release */ = {
			isa = XCBuildConfiguration;
			buildSettings = {
				ALWAYS_EMBED_SWIFT_STANDARD_LIBRARIES = YES;
				ASSETCATALOG_COMPILER_APPICON_NAME = AppIcon;
				CLANG_ENABLE_MODULES = YES;
				CODE_SIGN_IDENTITY = "";
				"CODE_SIGN_IDENTITY[sdk=iphoneos*]" = "iPhone Developer";
				DEVELOPMENT_TEAM = "";
				INFOPLIST_FILE = Sydra/Info.plist;
				IPHONEOS_DEPLOYMENT_TARGET = 8.0;
				LD_RUNPATH_SEARCH_PATHS = "$(inherited) @executable_path/Frameworks";
				PRODUCT_BUNDLE_IDENTIFIER = com.mangospring.test;
				PRODUCT_NAME = "$(TARGET_NAME)";
				PROVISIONING_PROFILE = "";
				PROVISIONING_PROFILE_SPECIFIER = "";
				SWIFT_OBJC_BRIDGING_HEADER = "Sydra/Sydra-Bridging-Header.h";
				SWIFT_VERSION = 3.0;
				TARGETED_DEVICE_FAMILY = "1,2";
			};
			name = Release;
		};
		869C5F301DA68CC400C0F293 /* Debug */ = {
			isa = XCBuildConfiguration;
			buildSettings = {
				BUNDLE_LOADER = "$(TEST_HOST)";
				CLANG_ENABLE_MODULES = YES;
				CODE_SIGN_IDENTITY = "";
				"CODE_SIGN_IDENTITY[sdk=iphoneos*]" = "iPhone Developer";
				INFOPLIST_FILE = SydraTests/Info.plist;
				LD_RUNPATH_SEARCH_PATHS = "$(inherited) @executable_path/Frameworks @loader_path/Frameworks";
				PRODUCT_BUNDLE_IDENTIFIER = com.mangoapps.SydraTests;
				PRODUCT_NAME = "$(TARGET_NAME)";
				SWIFT_OBJC_BRIDGING_HEADER = "Sydra/SydraTests-Bridging-Header.h";
				SWIFT_OPTIMIZATION_LEVEL = "-Onone";
				SWIFT_VERSION = 3.0;
				TEST_HOST = "$(BUILT_PRODUCTS_DIR)/Sydra.app/Sydra";
			};
			name = Debug;
		};
		869C5F311DA68CC400C0F293 /* Release */ = {
			isa = XCBuildConfiguration;
			buildSettings = {
				BUNDLE_LOADER = "$(TEST_HOST)";
				CLANG_ENABLE_MODULES = YES;
				CODE_SIGN_IDENTITY = "";
				"CODE_SIGN_IDENTITY[sdk=iphoneos*]" = "iPhone Developer";
				INFOPLIST_FILE = SydraTests/Info.plist;
				LD_RUNPATH_SEARCH_PATHS = "$(inherited) @executable_path/Frameworks @loader_path/Frameworks";
				PRODUCT_BUNDLE_IDENTIFIER = com.mangoapps.SydraTests;
				PRODUCT_NAME = "$(TARGET_NAME)";
				SWIFT_OBJC_BRIDGING_HEADER = "Sydra/SydraTests-Bridging-Header.h";
				SWIFT_VERSION = 3.0;
				TEST_HOST = "$(BUILT_PRODUCTS_DIR)/Sydra.app/Sydra";
			};
			name = Release;
		};
		869C5F331DA68CC400C0F293 /* Debug */ = {
			isa = XCBuildConfiguration;
			buildSettings = {
				CLANG_ENABLE_MODULES = YES;
				CODE_SIGN_IDENTITY = "";
				"CODE_SIGN_IDENTITY[sdk=iphoneos*]" = "iPhone Developer";
				INFOPLIST_FILE = SydraUITests/Info.plist;
				LD_RUNPATH_SEARCH_PATHS = "$(inherited) @executable_path/Frameworks @loader_path/Frameworks";
				PRODUCT_BUNDLE_IDENTIFIER = com.mangoapps.SydraUITests;
				PRODUCT_NAME = "$(TARGET_NAME)";
				SWIFT_OBJC_BRIDGING_HEADER = "Sydra/SydraUITests-Bridging-Header.h";
				SWIFT_OPTIMIZATION_LEVEL = "-Onone";
				SWIFT_VERSION = 3.0;
				TEST_TARGET_NAME = Sydra;
			};
			name = Debug;
		};
		869C5F341DA68CC400C0F293 /* Release */ = {
			isa = XCBuildConfiguration;
			buildSettings = {
				CLANG_ENABLE_MODULES = YES;
				CODE_SIGN_IDENTITY = "";
				"CODE_SIGN_IDENTITY[sdk=iphoneos*]" = "iPhone Developer";
				INFOPLIST_FILE = SydraUITests/Info.plist;
				LD_RUNPATH_SEARCH_PATHS = "$(inherited) @executable_path/Frameworks @loader_path/Frameworks";
				PRODUCT_BUNDLE_IDENTIFIER = com.mangoapps.SydraUITests;
				PRODUCT_NAME = "$(TARGET_NAME)";
				SWIFT_OBJC_BRIDGING_HEADER = "Sydra/SydraUITests-Bridging-Header.h";
				SWIFT_VERSION = 3.0;
				TEST_TARGET_NAME = Sydra;
			};
			name = Release;
		};
/* End XCBuildConfiguration section */

/* Begin XCConfigurationList section */
		869C5EF71DA68CC300C0F293 /* Build configuration list for PBXProject "Sydra" */ = {
			isa = XCConfigurationList;
			buildConfigurations = (
				869C5F2A1DA68CC400C0F293 /* Debug */,
				869C5F2B1DA68CC400C0F293 /* Release */,
			);
			defaultConfigurationIsVisible = 0;
			defaultConfigurationName = Release;
		};
		869C5F2C1DA68CC400C0F293 /* Build configuration list for PBXNativeTarget "Sydra" */ = {
			isa = XCConfigurationList;
			buildConfigurations = (
				869C5F2D1DA68CC400C0F293 /* Debug */,
				869C5F2E1DA68CC400C0F293 /* Release */,
			);
			defaultConfigurationIsVisible = 0;
			defaultConfigurationName = Release;
		};
		869C5F2F1DA68CC400C0F293 /* Build configuration list for PBXNativeTarget "SydraTests" */ = {
			isa = XCConfigurationList;
			buildConfigurations = (
				869C5F301DA68CC400C0F293 /* Debug */,
				869C5F311DA68CC400C0F293 /* Release */,
			);
			defaultConfigurationIsVisible = 0;
			defaultConfigurationName = Release;
		};
		869C5F321DA68CC400C0F293 /* Build configuration list for PBXNativeTarget "SydraUITests" */ = {
			isa = XCConfigurationList;
			buildConfigurations = (
				869C5F331DA68CC400C0F293 /* Debug */,
				869C5F341DA68CC400C0F293 /* Release */,
			);
			defaultConfigurationIsVisible = 0;
			defaultConfigurationName = Release;
		};
/* End XCConfigurationList section */

/* Begin XCVersionGroup section */
		869C5F0B1DA68CC400C0F293 /* Sydra.xcdatamodeld */ = {
			isa = XCVersionGroup;
			children = (
				869C5F0C1DA68CC400C0F293 /* Sydra.xcdatamodel */,
			);
			currentVersion = 869C5F0C1DA68CC400C0F293 /* Sydra.xcdatamodel */;
			path = Sydra.xcdatamodeld;
			sourceTree = "<group>";
			versionGroupType = wrapper.xcdatamodel;
		};
/* End XCVersionGroup section */
	};
	rootObject = 869C5EF41DA68CC300C0F293 /* Project object */;
}
